// !$*UTF8*$!
{
	archiveVersion = 1;
	classes = {
	};
	objectVersion = 56;
	objects = {

/* Begin PBXBuildFile section */
		90F76AB92AAF328F00E8ACF6 /* AppDelegate.swift in Sources */ = {isa = PBXBuildFile; fileRef = 90F76AB82AAF328F00E8ACF6 /* AppDelegate.swift */; };
		90F76ABB2AAF328F00E8ACF6 /* SceneDelegate.swift in Sources */ = {isa = PBXBuildFile; fileRef = 90F76ABA2AAF328F00E8ACF6 /* SceneDelegate.swift */; };
		90F76ABD2AAF328F00E8ACF6 /* ViewController.swift in Sources */ = {isa = PBXBuildFile; fileRef = 90F76ABC2AAF328F00E8ACF6 /* ViewController.swift */; };
		90F76AC02AAF328F00E8ACF6 /* Main.storyboard in Resources */ = {isa = PBXBuildFile; fileRef = 90F76ABE2AAF328F00E8ACF6 /* Main.storyboard */; };
		90F76AC22AAF329000E8ACF6 /* Assets.xcassets in Resources */ = {isa = PBXBuildFile; fileRef = 90F76AC12AAF329000E8ACF6 /* Assets.xcassets */; };
		90F76AC52AAF329000E8ACF6 /* LaunchScreen.storyboard in Resources */ = {isa = PBXBuildFile; fileRef = 90F76AC32AAF329000E8ACF6 /* LaunchScreen.storyboard */; };
		90F76AD02AAF329000E8ACF6 /* HW1Tests.swift in Sources */ = {isa = PBXBuildFile; fileRef = 90F76ACF2AAF329000E8ACF6 /* HW1Tests.swift */; };
		90F76ADA2AAF329000E8ACF6 /* HW1UITests.swift in Sources */ = {isa = PBXBuildFile; fileRef = 90F76AD92AAF329000E8ACF6 /* HW1UITests.swift */; };
		90F76ADC2AAF329000E8ACF6 /* HW1UITestsLaunchTests.swift in Sources */ = {isa = PBXBuildFile; fileRef = 90F76ADB2AAF329000E8ACF6 /* HW1UITestsLaunchTests.swift */; };
/* End PBXBuildFile section */

/* Begin PBXContainerItemProxy section */
		90F76ACC2AAF329000E8ACF6 /* PBXContainerItemProxy */ = {
			isa = PBXContainerItemProxy;
			containerPortal = 90F76AAD2AAF328F00E8ACF6 /* Project object */;
			proxyType = 1;
			remoteGlobalIDString = 90F76AB42AAF328F00E8ACF6;
			remoteInfo = HW1;
		};
		90F76AD62AAF329000E8ACF6 /* PBXContainerItemProxy */ = {
			isa = PBXContainerItemProxy;
			containerPortal = 90F76AAD2AAF328F00E8ACF6 /* Project object */;
			proxyType = 1;
			remoteGlobalIDString = 90F76AB42AAF328F00E8ACF6;
			remoteInfo = HW1;
		};
/* End PBXContainerItemProxy section */

/* Begin PBXFileReference section */
		90F76AB52AAF328F00E8ACF6 /* HW1.app */ = {isa = PBXFileReference; explicitFileType = wrapper.application; includeInIndex = 0; path = HW1.app; sourceTree = BUILT_PRODUCTS_DIR; };
		90F76AB82AAF328F00E8ACF6 /* AppDelegate.swift */ = {isa = PBXFileReference; lastKnownFileType = sourcecode.swift; path = AppDelegate.swift; sourceTree = "<group>"; };
		90F76ABA2AAF328F00E8ACF6 /* SceneDelegate.swift */ = {isa = PBXFileReference; lastKnownFileType = sourcecode.swift; path = SceneDelegate.swift; sourceTree = "<group>"; };
		90F76ABC2AAF328F00E8ACF6 /* ViewController.swift */ = {isa = PBXFileReference; lastKnownFileType = sourcecode.swift; path = ViewController.swift; sourceTree = "<group>"; };
		90F76ABF2AAF328F00E8ACF6 /* Base */ = {isa = PBXFileReference; lastKnownFileType = file.storyboard; name = Base; path = Base.lproj/Main.storyboard; sourceTree = "<group>"; };
		90F76AC12AAF329000E8ACF6 /* Assets.xcassets */ = {isa = PBXFileReference; lastKnownFileType = folder.assetcatalog; path = Assets.xcassets; sourceTree = "<group>"; };
		90F76AC42AAF329000E8ACF6 /* Base */ = {isa = PBXFileReference; lastKnownFileType = file.storyboard; name = Base; path = Base.lproj/LaunchScreen.storyboard; sourceTree = "<group>"; };
		90F76AC62AAF329000E8ACF6 /* Info.plist */ = {isa = PBXFileReference; lastKnownFileType = text.plist.xml; path = Info.plist; sourceTree = "<group>"; };
		90F76ACB2AAF329000E8ACF6 /* HW1Tests.xctest */ = {isa = PBXFileReference; explicitFileType = wrapper.cfbundle; includeInIndex = 0; path = HW1Tests.xctest; sourceTree = BUILT_PRODUCTS_DIR; };
		90F76ACF2AAF329000E8ACF6 /* HW1Tests.swift */ = {isa = PBXFileReference; lastKnownFileType = sourcecode.swift; path = HW1Tests.swift; sourceTree = "<group>"; };
		90F76AD52AAF329000E8ACF6 /* HW1UITests.xctest */ = {isa = PBXFileReference; explicitFileType = wrapper.cfbundle; includeInIndex = 0; path = HW1UITests.xctest; sourceTree = BUILT_PRODUCTS_DIR; };
		90F76AD92AAF329000E8ACF6 /* HW1UITests.swift */ = {isa = PBXFileReference; lastKnownFileType = sourcecode.swift; path = HW1UITests.swift; sourceTree = "<group>"; };
		90F76ADB2AAF329000E8ACF6 /* HW1UITestsLaunchTests.swift */ = {isa = PBXFileReference; lastKnownFileType = sourcecode.swift; path = HW1UITestsLaunchTests.swift; sourceTree = "<group>"; };
/* End PBXFileReference section */

/* Begin PBXFrameworksBuildPhase section */
		90F76AB22AAF328F00E8ACF6 /* Frameworks */ = {
			isa = PBXFrameworksBuildPhase;
			buildActionMask = 2147483647;
			files = (
			);
			runOnlyForDeploymentPostprocessing = 0;
		};
		90F76AC82AAF329000E8ACF6 /* Frameworks */ = {
			isa = PBXFrameworksBuildPhase;
			buildActionMask = 2147483647;
			files = (
			);
			runOnlyForDeploymentPostprocessing = 0;
		};
		90F76AD22AAF329000E8ACF6 /* Frameworks */ = {
			isa = PBXFrameworksBuildPhase;
			buildActionMask = 2147483647;
			files = (
			);
			runOnlyForDeploymentPostprocessing = 0;
		};
/* End PBXFrameworksBuildPhase section */

/* Begin PBXGroup section */
		90F76AAC2AAF328F00E8ACF6 = {
			isa = PBXGroup;
			children = (
				90F76AB72AAF328F00E8ACF6 /* HW1 */,
				90F76ACE2AAF329000E8ACF6 /* HW1Tests */,
				90F76AD82AAF329000E8ACF6 /* HW1UITests */,
				90F76AB62AAF328F00E8ACF6 /* Products */,
			);
			sourceTree = "<group>";
		};
		90F76AB62AAF328F00E8ACF6 /* Products */ = {
			isa = PBXGroup;
			children = (
				90F76AB52AAF328F00E8ACF6 /* HW1.app */,
				90F76ACB2AAF329000E8ACF6 /* HW1Tests.xctest */,
				90F76AD52AAF329000E8ACF6 /* HW1UITests.xctest */,
			);
			name = Products;
			sourceTree = "<group>";
		};
		90F76AB72AAF328F00E8ACF6 /* HW1 */ = {
			isa = PBXGroup;
			children = (
				90F76AB82AAF328F00E8ACF6 /* AppDelegate.swift */,
				90F76ABA2AAF328F00E8ACF6 /* SceneDelegate.swift */,
				90F76ABC2AAF328F00E8ACF6 /* ViewController.swift */,
				90F76ABE2AAF328F00E8ACF6 /* Main.storyboard */,
				90F76AC12AAF329000E8ACF6 /* Assets.xcassets */,
				90F76AC32AAF329000E8ACF6 /* LaunchScreen.storyboard */,
				90F76AC62AAF329000E8ACF6 /* Info.plist */,
			);
			path = HW1;
			sourceTree = "<group>";
		};
		90F76ACE2AAF329000E8ACF6 /* HW1Tests */ = {
			isa = PBXGroup;
			children = (
				90F76ACF2AAF329000E8ACF6 /* HW1Tests.swift */,
			);
			path = HW1Tests;
			sourceTree = "<group>";
		};
		90F76AD82AAF329000E8ACF6 /* HW1UITests */ = {
			isa = PBXGroup;
			children = (
				90F76AD92AAF329000E8ACF6 /* HW1UITests.swift */,
				90F76ADB2AAF329000E8ACF6 /* HW1UITestsLaunchTests.swift */,
			);
			path = HW1UITests;
			sourceTree = "<group>";
		};
/* End PBXGroup section */

/* Begin PBXNativeTarget section */
		90F76AB42AAF328F00E8ACF6 /* HW1 */ = {
			isa = PBXNativeTarget;
			buildConfigurationList = 90F76ADF2AAF329000E8ACF6 /* Build configuration list for PBXNativeTarget "HW1" */;
			buildPhases = (
				90F76AB12AAF328F00E8ACF6 /* Sources */,
				90F76AB22AAF328F00E8ACF6 /* Frameworks */,
				90F76AB32AAF328F00E8ACF6 /* Resources */,
			);
			buildRules = (
			);
			dependencies = (
			);
			name = HW1;
			productName = HW1;
			productReference = 90F76AB52AAF328F00E8ACF6 /* HW1.app */;
			productType = "com.apple.product-type.application";
		};
		90F76ACA2AAF329000E8ACF6 /* HW1Tests */ = {
			isa = PBXNativeTarget;
			buildConfigurationList = 90F76AE22AAF329000E8ACF6 /* Build configuration list for PBXNativeTarget "HW1Tests" */;
			buildPhases = (
				90F76AC72AAF329000E8ACF6 /* Sources */,
				90F76AC82AAF329000E8ACF6 /* Frameworks */,
				90F76AC92AAF329000E8ACF6 /* Resources */,
			);
			buildRules = (
			);
			dependencies = (
				90F76ACD2AAF329000E8ACF6 /* PBXTargetDependency */,
			);
			name = HW1Tests;
			productName = HW1Tests;
			productReference = 90F76ACB2AAF329000E8ACF6 /* HW1Tests.xctest */;
			productType = "com.apple.product-type.bundle.unit-test";
		};
		90F76AD42AAF329000E8ACF6 /* HW1UITests */ = {
			isa = PBXNativeTarget;
			buildConfigurationList = 90F76AE52AAF329000E8ACF6 /* Build configuration list for PBXNativeTarget "HW1UITests" */;
			buildPhases = (
				90F76AD12AAF329000E8ACF6 /* Sources */,
				90F76AD22AAF329000E8ACF6 /* Frameworks */,
				90F76AD32AAF329000E8ACF6 /* Resources */,
			);
			buildRules = (
			);
			dependencies = (
				90F76AD72AAF329000E8ACF6 /* PBXTargetDependency */,
			);
			name = HW1UITests;
			productName = HW1UITests;
			productReference = 90F76AD52AAF329000E8ACF6 /* HW1UITests.xctest */;
			productType = "com.apple.product-type.bundle.ui-testing";
		};
/* End PBXNativeTarget section */

/* Begin PBXProject section */
		90F76AAD2AAF328F00E8ACF6 /* Project object */ = {
			isa = PBXProject;
			attributes = {
				BuildIndependentTargetsInParallel = 1;
				LastSwiftUpdateCheck = 1430;
				LastUpgradeCheck = 1430;
				TargetAttributes = {
					90F76AB42AAF328F00E8ACF6 = {
						CreatedOnToolsVersion = 14.3.1;
					};
					90F76ACA2AAF329000E8ACF6 = {
						CreatedOnToolsVersion = 14.3.1;
						TestTargetID = 90F76AB42AAF328F00E8ACF6;
					};
					90F76AD42AAF329000E8ACF6 = {
						CreatedOnToolsVersion = 14.3.1;
						TestTargetID = 90F76AB42AAF328F00E8ACF6;
					};
				};
			};
			buildConfigurationList = 90F76AB02AAF328F00E8ACF6 /* Build configuration list for PBXProject "HW1" */;
			compatibilityVersion = "Xcode 14.0";
			developmentRegion = en;
			hasScannedForEncodings = 0;
			knownRegions = (
				en,
				Base,
			);
			mainGroup = 90F76AAC2AAF328F00E8ACF6;
			productRefGroup = 90F76AB62AAF328F00E8ACF6 /* Products */;
			projectDirPath = "";
			projectRoot = "";
			targets = (
				90F76AB42AAF328F00E8ACF6 /* HW1 */,
				90F76ACA2AAF329000E8ACF6 /* HW1Tests */,
				90F76AD42AAF329000E8ACF6 /* HW1UITests */,
			);
		};
/* End PBXProject section */

/* Begin PBXResourcesBuildPhase section */
		90F76AB32AAF328F00E8ACF6 /* Resources */ = {
			isa = PBXResourcesBuildPhase;
			buildActionMask = 2147483647;
			files = (
				90F76AC52AAF329000E8ACF6 /* LaunchScreen.storyboard in Resources */,
				90F76AC22AAF329000E8ACF6 /* Assets.xcassets in Resources */,
				90F76AC02AAF328F00E8ACF6 /* Main.storyboard in Resources */,
			);
			runOnlyForDeploymentPostprocessing = 0;
		};
		90F76AC92AAF329000E8ACF6 /* Resources */ = {
			isa = PBXResourcesBuildPhase;
			buildActionMask = 2147483647;
			files = (
			);
			runOnlyForDeploymentPostprocessing = 0;
		};
		90F76AD32AAF329000E8ACF6 /* Resources */ = {
			isa = PBXResourcesBuildPhase;
			buildActionMask = 2147483647;
			files = (
			);
			runOnlyForDeploymentPostprocessing = 0;
		};
/* End PBXResourcesBuildPhase section */

/* Begin PBXSourcesBuildPhase section */
		90F76AB12AAF328F00E8ACF6 /* Sources */ = {
			isa = PBXSourcesBuildPhase;
			buildActionMask = 2147483647;
			files = (
				90F76ABD2AAF328F00E8ACF6 /* ViewController.swift in Sources */,
				90F76AB92AAF328F00E8ACF6 /* AppDelegate.swift in Sources */,
				90F76ABB2AAF328F00E8ACF6 /* SceneDelegate.swift in Sources */,
			);
			runOnlyForDeploymentPostprocessing = 0;
		};
		90F76AC72AAF329000E8ACF6 /* Sources */ = {
			isa = PBXSourcesBuildPhase;
			buildActionMask = 2147483647;
			files = (
				90F76AD02AAF329000E8ACF6 /* HW1Tests.swift in Sources */,
			);
			runOnlyForDeploymentPostprocessing = 0;
		};
		90F76AD12AAF329000E8ACF6 /* Sources */ = {
			isa = PBXSourcesBuildPhase;
			buildActionMask = 2147483647;
			files = (
				90F76ADA2AAF329000E8ACF6 /* HW1UITests.swift in Sources */,
				90F76ADC2AAF329000E8ACF6 /* HW1UITestsLaunchTests.swift in Sources */,
			);
			runOnlyForDeploymentPostprocessing = 0;
		};
/* End PBXSourcesBuildPhase section */

/* Begin PBXTargetDependency section */
		90F76ACD2AAF329000E8ACF6 /* PBXTargetDependency */ = {
			isa = PBXTargetDependency;
			target = 90F76AB42AAF328F00E8ACF6 /* HW1 */;
			targetProxy = 90F76ACC2AAF329000E8ACF6 /* PBXContainerItemProxy */;
		};
		90F76AD72AAF329000E8ACF6 /* PBXTargetDependency */ = {
			isa = PBXTargetDependency;
			target = 90F76AB42AAF328F00E8ACF6 /* HW1 */;
			targetProxy = 90F76AD62AAF329000E8ACF6 /* PBXContainerItemProxy */;
		};
/* End PBXTargetDependency section */

/* Begin PBXVariantGroup section */
		90F76ABE2AAF328F00E8ACF6 /* Main.storyboard */ = {
			isa = PBXVariantGroup;
			children = (
				90F76ABF2AAF328F00E8ACF6 /* Base */,
			);
			name = Main.storyboard;
			sourceTree = "<group>";
		};
		90F76AC32AAF329000E8ACF6 /* LaunchScreen.storyboard */ = {
			isa = PBXVariantGroup;
			children = (
				90F76AC42AAF329000E8ACF6 /* Base */,
			);
			name = LaunchScreen.storyboard;
			sourceTree = "<group>";
		};
/* End PBXVariantGroup section */

/* Begin XCBuildConfiguration section */
		90F76ADD2AAF329000E8ACF6 /* Debug */ = {
			isa = XCBuildConfiguration;
			buildSettings = {
				ALWAYS_SEARCH_USER_PATHS = NO;
				CLANG_ANALYZER_NONNULL = YES;
				CLANG_ANALYZER_NUMBER_OBJECT_CONVERSION = YES_AGGRESSIVE;
				CLANG_CXX_LANGUAGE_STANDARD = "gnu++20";
				CLANG_ENABLE_MODULES = YES;
				CLANG_ENABLE_OBJC_ARC = YES;
				CLANG_ENABLE_OBJC_WEAK = YES;
				CLANG_WARN_BLOCK_CAPTURE_AUTORELEASING = YES;
				CLANG_WARN_BOOL_CONVERSION = YES;
				CLANG_WARN_COMMA = YES;
				CLANG_WARN_CONSTANT_CONVERSION = YES;
				CLANG_WARN_DEPRECATED_OBJC_IMPLEMENTATIONS = YES;
				CLANG_WARN_DIRECT_OBJC_ISA_USAGE = YES_ERROR;
				CLANG_WARN_DOCUMENTATION_COMMENTS = YES;
				CLANG_WARN_EMPTY_BODY = YES;
				CLANG_WARN_ENUM_CONVERSION = YES;
				CLANG_WARN_INFINITE_RECURSION = YES;
				CLANG_WARN_INT_CONVERSION = YES;
				CLANG_WARN_NON_LITERAL_NULL_CONVERSION = YES;
				CLANG_WARN_OBJC_IMPLICIT_RETAIN_SELF = YES;
				CLANG_WARN_OBJC_LITERAL_CONVERSION = YES;
				CLANG_WARN_OBJC_ROOT_CLASS = YES_ERROR;
				CLANG_WARN_QUOTED_INCLUDE_IN_FRAMEWORK_HEADER = YES;
				CLANG_WARN_RANGE_LOOP_ANALYSIS = YES;
				CLANG_WARN_STRICT_PROTOTYPES = YES;
				CLANG_WARN_SUSPICIOUS_MOVE = YES;
				CLANG_WARN_UNGUARDED_AVAILABILITY = YES_AGGRESSIVE;
				CLANG_WARN_UNREACHABLE_CODE = YES;
				CLANG_WARN__DUPLICATE_METHOD_MATCH = YES;
				COPY_PHASE_STRIP = NO;
				DEBUG_INFORMATION_FORMAT = dwarf;
				ENABLE_STRICT_OBJC_MSGSEND = YES;
				ENABLE_TESTABILITY = YES;
				GCC_C_LANGUAGE_STANDARD = gnu11;
				GCC_DYNAMIC_NO_PIC = NO;
				GCC_NO_COMMON_BLOCKS = YES;
				GCC_OPTIMIZATION_LEVEL = 0;
				GCC_PREPROCESSOR_DEFINITIONS = (
					"DEBUG=1",
					"$(inherited)",
				);
				GCC_WARN_64_TO_32_BIT_CONVERSION = YES;
				GCC_WARN_ABOUT_RETURN_TYPE = YES_ERROR;
				GCC_WARN_UNDECLARED_SELECTOR = YES;
				GCC_WARN_UNINITIALIZED_AUTOS = YES_AGGRESSIVE;
				GCC_WARN_UNUSED_FUNCTION = YES;
				GCC_WARN_UNUSED_VARIABLE = YES;
				IPHONEOS_DEPLOYMENT_TARGET = 16.4;
				MTL_ENABLE_DEBUG_INFO = INCLUDE_SOURCE;
				MTL_FAST_MATH = YES;
				ONLY_ACTIVE_ARCH = YES;
				SDKROOT = iphoneos;
				SWIFT_ACTIVE_COMPILATION_CONDITIONS = DEBUG;
				SWIFT_OPTIMIZATION_LEVEL = "-Onone";
			};
			name = Debug;
		};
		90F76ADE2AAF329000E8ACF6 /* Release */ = {
			isa = XCBuildConfiguration;
			buildSettings = {
				ALWAYS_SEARCH_USER_PATHS = NO;
				CLANG_ANALYZER_NONNULL = YES;
				CLANG_ANALYZER_NUMBER_OBJECT_CONVERSION = YES_AGGRESSIVE;
				CLANG_CXX_LANGUAGE_STANDARD = "gnu++20";
				CLANG_ENABLE_MODULES = YES;
				CLANG_ENABLE_OBJC_ARC = YES;
				CLANG_ENABLE_OBJC_WEAK = YES;
				CLANG_WARN_BLOCK_CAPTURE_AUTORELEASING = YES;
				CLANG_WARN_BOOL_CONVERSION = YES;
				CLANG_WARN_COMMA = YES;
				CLANG_WARN_CONSTANT_CONVERSION = YES;
				CLANG_WARN_DEPRECATED_OBJC_IMPLEMENTATIONS = YES;
				CLANG_WARN_DIRECT_OBJC_ISA_USAGE = YES_ERROR;
				CLANG_WARN_DOCUMENTATION_COMMENTS = YES;
				CLANG_WARN_EMPTY_BODY = YES;
				CLANG_WARN_ENUM_CONVERSION = YES;
				CLANG_WARN_INFINITE_RECURSION = YES;
				CLANG_WARN_INT_CONVERSION = YES;
				CLANG_WARN_NON_LITERAL_NULL_CONVERSION = YES;
				CLANG_WARN_OBJC_IMPLICIT_RETAIN_SELF = YES;
				CLANG_WARN_OBJC_LITERAL_CONVERSION = YES;
				CLANG_WARN_OBJC_ROOT_CLASS = YES_ERROR;
				CLANG_WARN_QUOTED_INCLUDE_IN_FRAMEWORK_HEADER = YES;
				CLANG_WARN_RANGE_LOOP_ANALYSIS = YES;
				CLANG_WARN_STRICT_PROTOTYPES = YES;
				CLANG_WARN_SUSPICIOUS_MOVE = YES;
				CLANG_WARN_UNGUARDED_AVAILABILITY = YES_AGGRESSIVE;
				CLANG_WARN_UNREACHABLE_CODE = YES;
				CLANG_WARN__DUPLICATE_METHOD_MATCH = YES;
				COPY_PHASE_STRIP = NO;
				DEBUG_INFORMATION_FORMAT = "dwarf-with-dsym";
				ENABLE_NS_ASSERTIONS = NO;
				ENABLE_STRICT_OBJC_MSGSEND = YES;
				GCC_C_LANGUAGE_STANDARD = gnu11;
				GCC_NO_COMMON_BLOCKS = YES;
				GCC_WARN_64_TO_32_BIT_CONVERSION = YES;
				GCC_WARN_ABOUT_RETURN_TYPE = YES_ERROR;
				GCC_WARN_UNDECLARED_SELECTOR = YES;
				GCC_WARN_UNINITIALIZED_AUTOS = YES_AGGRESSIVE;
				GCC_WARN_UNUSED_FUNCTION = YES;
				GCC_WARN_UNUSED_VARIABLE = YES;
				IPHONEOS_DEPLOYMENT_TARGET = 16.4;
				MTL_ENABLE_DEBUG_INFO = NO;
				MTL_FAST_MATH = YES;
				SDKROOT = iphoneos;
				SWIFT_COMPILATION_MODE = wholemodule;
				SWIFT_OPTIMIZATION_LEVEL = "-O";
				VALIDATE_PRODUCT = YES;
			};
			name = Release;
		};
		90F76AE02AAF329000E8ACF6 /* Debug */ = {
			isa = XCBuildConfiguration;
			buildSettings = {
				ASSETCATALOG_COMPILER_APPICON_NAME = AppIcon;
				ASSETCATALOG_COMPILER_GLOBAL_ACCENT_COLOR_NAME = AccentColor;
				CODE_SIGN_STYLE = Automatic;
				CURRENT_PROJECT_VERSION = 1;
				DEVELOPMENT_TEAM = 7YG4RD83Q9;
				GENERATE_INFOPLIST_FILE = YES;
				INFOPLIST_FILE = HW1/Info.plist;
				INFOPLIST_KEY_UIApplicationSupportsIndirectInputEvents = YES;
				INFOPLIST_KEY_UILaunchStoryboardName = LaunchScreen;
				INFOPLIST_KEY_UIMainStoryboardFile = Main;
				INFOPLIST_KEY_UISupportedInterfaceOrientations_iPad = "UIInterfaceOrientationPortrait UIInterfaceOrientationPortraitUpsideDown UIInterfaceOrientationLandscapeLeft UIInterfaceOrientationLandscapeRight";
				INFOPLIST_KEY_UISupportedInterfaceOrientations_iPhone = "UIInterfaceOrientationPortrait UIInterfaceOrientationLandscapeLeft UIInterfaceOrientationLandscapeRight";
				LD_RUNPATH_SEARCH_PATHS = (
					"$(inherited)",
					"@executable_path/Frameworks",
				);
				MARKETING_VERSION = 1.0;
				PRODUCT_BUNDLE_IDENTIFIER = com.minseop.HW1;
				PRODUCT_NAME = "$(TARGET_NAME)";
				SWIFT_EMIT_LOC_STRINGS = YES;
				SWIFT_VERSION = 5.0;
				TARGETED_DEVICE_FAMILY = "1,2";
			};
			name = Debug;
		};
		90F76AE12AAF329000E8ACF6 /* Release */ = {
			isa = XCBuildConfiguration;
			buildSettings = {
				ASSETCATALOG_COMPILER_APPICON_NAME = AppIcon;
				ASSETCATALOG_COMPILER_GLOBAL_ACCENT_COLOR_NAME = AccentColor;
				CODE_SIGN_STYLE = Automatic;
				CURRENT_PROJECT_VERSION = 1;
				DEVELOPMENT_TEAM = 7YG4RD83Q9;
				GENERATE_INFOPLIST_FILE = YES;
				INFOPLIST_FILE = HW1/Info.plist;
				INFOPLIST_KEY_UIApplicationSupportsIndirectInputEvents = YES;
				INFOPLIST_KEY_UILaunchStoryboardName = LaunchScreen;
				INFOPLIST_KEY_UIMainStoryboardFile = Main;
				INFOPLIST_KEY_UISupportedInterfaceOrientations_iPad = "UIInterfaceOrientationPortrait UIInterfaceOrientationPortraitUpsideDown UIInterfaceOrientationLandscapeLeft UIInterfaceOrientationLandscapeRight";
				INFOPLIST_KEY_UISupportedInterfaceOrientations_iPhone = "UIInterfaceOrientationPortrait UIInterfaceOrientationLandscapeLeft UIInterfaceOrientationLandscapeRight";
				LD_RUNPATH_SEARCH_PATHS = (
					"$(inherited)",
					"@executable_path/Frameworks",
				);
				MARKETING_VERSION = 1.0;
				PRODUCT_BUNDLE_IDENTIFIER = com.minseop.HW1;
				PRODUCT_NAME = "$(TARGET_NAME)";
				SWIFT_EMIT_LOC_STRINGS = YES;
				SWIFT_VERSION = 5.0;
				TARGETED_DEVICE_FAMILY = "1,2";
			};
			name = Release;
		};
		90F76AE32AAF329000E8ACF6 /* Debug */ = {
			isa = XCBuildConfiguration;
			buildSettings = {
				ALWAYS_EMBED_SWIFT_STANDARD_LIBRARIES = YES;
				BUNDLE_LOADER = "$(TEST_HOST)";
				CODE_SIGN_STYLE = Automatic;
				CURRENT_PROJECT_VERSION = 1;
				DEVELOPMENT_TEAM = 7YG4RD83Q9;
				GENERATE_INFOPLIST_FILE = YES;
				IPHONEOS_DEPLOYMENT_TARGET = 16.4;
				MARKETING_VERSION = 1.0;
				PRODUCT_BUNDLE_IDENTIFIER = com.minseop.HW1Tests;
				PRODUCT_NAME = "$(TARGET_NAME)";
				SWIFT_EMIT_LOC_STRINGS = NO;
				SWIFT_VERSION = 5.0;
				TARGETED_DEVICE_FAMILY = "1,2";
				TEST_HOST = "$(BUILT_PRODUCTS_DIR)/HW1.app/$(BUNDLE_EXECUTABLE_FOLDER_PATH)/HW1";
			};
			name = Debug;
		};
		90F76AE42AAF329000E8ACF6 /* Release */ = {
			isa = XCBuildConfiguration;
			buildSettings = {
				ALWAYS_EMBED_SWIFT_STANDARD_LIBRARIES = YES;
				BUNDLE_LOADER = "$(TEST_HOST)";
				CODE_SIGN_STYLE = Automatic;
				CURRENT_PROJECT_VERSION = 1;
				DEVELOPMENT_TEAM = 7YG4RD83Q9;
				GENERATE_INFOPLIST_FILE = YES;
				IPHONEOS_DEPLOYMENT_TARGET = 16.4;
				MARKETING_VERSION = 1.0;
				PRODUCT_BUNDLE_IDENTIFIER = com.minseop.HW1Tests;
				PRODUCT_NAME = "$(TARGET_NAME)";
				SWIFT_EMIT_LOC_STRINGS = NO;
				SWIFT_VERSION = 5.0;
				TARGETED_DEVICE_FAMILY = "1,2";
				TEST_HOST = "$(BUILT_PRODUCTS_DIR)/HW1.app/$(BUNDLE_EXECUTABLE_FOLDER_PATH)/HW1";
			};
			name = Release;
		};
		90F76AE62AAF329000E8ACF6 /* Debug */ = {
			isa = XCBuildConfiguration;
			buildSettings = {
				ALWAYS_EMBED_SWIFT_STANDARD_LIBRARIES = YES;
				CODE_SIGN_STYLE = Automatic;
				CURRENT_PROJECT_VERSION = 1;
				DEVELOPMENT_TEAM = 7YG4RD83Q9;
				GENERATE_INFOPLIST_FILE = YES;
				MARKETING_VERSION = 1.0;
				PRODUCT_BUNDLE_IDENTIFIER = com.minseop.HW1UITests;
				PRODUCT_NAME = "$(TARGET_NAME)";
				SWIFT_EMIT_LOC_STRINGS = NO;
				SWIFT_VERSION = 5.0;
				TARGETED_DEVICE_FAMILY = "1,2";
				TEST_TARGET_NAME = HW1;
			};
			name = Debug;
		};
		90F76AE72AAF329000E8ACF6 /* Release */ = {
			isa = XCBuildConfiguration;
			buildSettings = {
				ALWAYS_EMBED_SWIFT_STANDARD_LIBRARIES = YES;
				CODE_SIGN_STYLE = Automatic;
				CURRENT_PROJECT_VERSION = 1;
				DEVELOPMENT_TEAM = 7YG4RD83Q9;
				GENERATE_INFOPLIST_FILE = YES;
				MARKETING_VERSION = 1.0;
				PRODUCT_BUNDLE_IDENTIFIER = com.minseop.HW1UITests;
				PRODUCT_NAME = "$(TARGET_NAME)";
				SWIFT_EMIT_LOC_STRINGS = NO;
				SWIFT_VERSION = 5.0;
				TARGETED_DEVICE_FAMILY = "1,2";
				TEST_TARGET_NAME = HW1;
			};
			name = Release;
		};
/* End XCBuildConfiguration section */

/* Begin XCConfigurationList section */
		90F76AB02AAF328F00E8ACF6 /* Build configuration list for PBXProject "HW1" */ = {
			isa = XCConfigurationList;
			buildConfigurations = (
				90F76ADD2AAF329000E8ACF6 /* Debug */,
				90F76ADE2AAF329000E8ACF6 /* Release */,
			);
			defaultConfigurationIsVisible = 0;
			defaultConfigurationName = Release;
		};
		90F76ADF2AAF329000E8ACF6 /* Build configuration list for PBXNativeTarget "HW1" */ = {
			isa = XCConfigurationList;
			buildConfigurations = (
				90F76AE02AAF329000E8ACF6 /* Debug */,
				90F76AE12AAF329000E8ACF6 /* Release */,
			);
			defaultConfigurationIsVisible = 0;
			defaultConfigurationName = Release;
		};
		90F76AE22AAF329000E8ACF6 /* Build configuration list for PBXNativeTarget "HW1Tests" */ = {
			isa = XCConfigurationList;
			buildConfigurations = (
				90F76AE32AAF329000E8ACF6 /* Debug */,
				90F76AE42AAF329000E8ACF6 /* Release */,
			);
			defaultConfigurationIsVisible = 0;
			defaultConfigurationName = Release;
		};
		90F76AE52AAF329000E8ACF6 /* Build configuration list for PBXNativeTarget "HW1UITests" */ = {
			isa = XCConfigurationList;
			buildConfigurations = (
				90F76AE62AAF329000E8ACF6 /* Debug */,
				90F76AE72AAF329000E8ACF6 /* Release */,
			);
			defaultConfigurationIsVisible = 0;
			defaultConfigurationName = Release;
		};
/* End XCConfigurationList section */
	};
	rootObject = 90F76AAD2AAF328F00E8ACF6 /* Project object */;
}
