// !$*UTF8*$!
{
	archiveVersion = 1;
	classes = {
	};
	objectVersion = 56;
	objects = {

/* Begin PBXBuildFile section */
		90546B402AECEC3100D7D35D /* AppDelegate.swift in Sources */ = {isa = PBXBuildFile; fileRef = 90546B3F2AECEC3100D7D35D /* AppDelegate.swift */; };
		90546B422AECEC3100D7D35D /* SceneDelegate.swift in Sources */ = {isa = PBXBuildFile; fileRef = 90546B412AECEC3100D7D35D /* SceneDelegate.swift */; };
		90546B442AECEC3100D7D35D /* ViewController.swift in Sources */ = {isa = PBXBuildFile; fileRef = 90546B432AECEC3100D7D35D /* ViewController.swift */; };
		90546B472AECEC3100D7D35D /* Main.storyboard in Resources */ = {isa = PBXBuildFile; fileRef = 90546B452AECEC3100D7D35D /* Main.storyboard */; };
		90546B492AECEC3400D7D35D /* Assets.xcassets in Resources */ = {isa = PBXBuildFile; fileRef = 90546B482AECEC3400D7D35D /* Assets.xcassets */; };
		90546B4C2AECEC3400D7D35D /* LaunchScreen.storyboard in Resources */ = {isa = PBXBuildFile; fileRef = 90546B4A2AECEC3400D7D35D /* LaunchScreen.storyboard */; };
		90546B572AECEC3400D7D35D /* DelegateSampleTests.swift in Sources */ = {isa = PBXBuildFile; fileRef = 90546B562AECEC3400D7D35D /* DelegateSampleTests.swift */; };
		90546B612AECEC3400D7D35D /* DelegateSampleUITests.swift in Sources */ = {isa = PBXBuildFile; fileRef = 90546B602AECEC3400D7D35D /* DelegateSampleUITests.swift */; };
		90546B632AECEC3400D7D35D /* DelegateSampleUITestsLaunchTests.swift in Sources */ = {isa = PBXBuildFile; fileRef = 90546B622AECEC3400D7D35D /* DelegateSampleUITestsLaunchTests.swift */; };
		90546B702AECEC5C00D7D35D /* SubView.swift in Sources */ = {isa = PBXBuildFile; fileRef = 90546B6F2AECEC5C00D7D35D /* SubView.swift */; };
/* End PBXBuildFile section */

/* Begin PBXContainerItemProxy section */
		90546B532AECEC3400D7D35D /* PBXContainerItemProxy */ = {
			isa = PBXContainerItemProxy;
			containerPortal = 90546B342AECEC3100D7D35D /* Project object */;
			proxyType = 1;
			remoteGlobalIDString = 90546B3B2AECEC3100D7D35D;
			remoteInfo = DelegateSample;
		};
		90546B5D2AECEC3400D7D35D /* PBXContainerItemProxy */ = {
			isa = PBXContainerItemProxy;
			containerPortal = 90546B342AECEC3100D7D35D /* Project object */;
			proxyType = 1;
			remoteGlobalIDString = 90546B3B2AECEC3100D7D35D;
			remoteInfo = DelegateSample;
		};
/* End PBXContainerItemProxy section */

/* Begin PBXFileReference section */
		90546B3C2AECEC3100D7D35D /* DelegateSample.app */ = {isa = PBXFileReference; explicitFileType = wrapper.application; includeInIndex = 0; path = DelegateSample.app; sourceTree = BUILT_PRODUCTS_DIR; };
		90546B3F2AECEC3100D7D35D /* AppDelegate.swift */ = {isa = PBXFileReference; lastKnownFileType = sourcecode.swift; path = AppDelegate.swift; sourceTree = "<group>"; };
		90546B412AECEC3100D7D35D /* SceneDelegate.swift */ = {isa = PBXFileReference; lastKnownFileType = sourcecode.swift; path = SceneDelegate.swift; sourceTree = "<group>"; };
		90546B432AECEC3100D7D35D /* ViewController.swift */ = {isa = PBXFileReference; lastKnownFileType = sourcecode.swift; path = ViewController.swift; sourceTree = "<group>"; };
		90546B462AECEC3100D7D35D /* Base */ = {isa = PBXFileReference; lastKnownFileType = file.storyboard; name = Base; path = Base.lproj/Main.storyboard; sourceTree = "<group>"; };
		90546B482AECEC3400D7D35D /* Assets.xcassets */ = {isa = PBXFileReference; lastKnownFileType = folder.assetcatalog; path = Assets.xcassets; sourceTree = "<group>"; };
		90546B4B2AECEC3400D7D35D /* Base */ = {isa = PBXFileReference; lastKnownFileType = file.storyboard; name = Base; path = Base.lproj/LaunchScreen.storyboard; sourceTree = "<group>"; };
		90546B4D2AECEC3400D7D35D /* Info.plist */ = {isa = PBXFileReference; lastKnownFileType = text.plist.xml; path = Info.plist; sourceTree = "<group>"; };
		90546B522AECEC3400D7D35D /* DelegateSampleTests.xctest */ = {isa = PBXFileReference; explicitFileType = wrapper.cfbundle; includeInIndex = 0; path = DelegateSampleTests.xctest; sourceTree = BUILT_PRODUCTS_DIR; };
		90546B562AECEC3400D7D35D /* DelegateSampleTests.swift */ = {isa = PBXFileReference; lastKnownFileType = sourcecode.swift; path = DelegateSampleTests.swift; sourceTree = "<group>"; };
		90546B5C2AECEC3400D7D35D /* DelegateSampleUITests.xctest */ = {isa = PBXFileReference; explicitFileType = wrapper.cfbundle; includeInIndex = 0; path = DelegateSampleUITests.xctest; sourceTree = BUILT_PRODUCTS_DIR; };
		90546B602AECEC3400D7D35D /* DelegateSampleUITests.swift */ = {isa = PBXFileReference; lastKnownFileType = sourcecode.swift; path = DelegateSampleUITests.swift; sourceTree = "<group>"; };
		90546B622AECEC3400D7D35D /* DelegateSampleUITestsLaunchTests.swift */ = {isa = PBXFileReference; lastKnownFileType = sourcecode.swift; path = DelegateSampleUITestsLaunchTests.swift; sourceTree = "<group>"; };
		90546B6F2AECEC5C00D7D35D /* SubView.swift */ = {isa = PBXFileReference; lastKnownFileType = sourcecode.swift; path = SubView.swift; sourceTree = "<group>"; };
/* End PBXFileReference section */

/* Begin PBXFrameworksBuildPhase section */
		90546B392AECEC3100D7D35D /* Frameworks */ = {
			isa = PBXFrameworksBuildPhase;
			buildActionMask = 2147483647;
			files = (
			);
			runOnlyForDeploymentPostprocessing = 0;
		};
		90546B4F2AECEC3400D7D35D /* Frameworks */ = {
			isa = PBXFrameworksBuildPhase;
			buildActionMask = 2147483647;
			files = (
			);
			runOnlyForDeploymentPostprocessing = 0;
		};
		90546B592AECEC3400D7D35D /* Frameworks */ = {
			isa = PBXFrameworksBuildPhase;
			buildActionMask = 2147483647;
			files = (
			);
			runOnlyForDeploymentPostprocessing = 0;
		};
/* End PBXFrameworksBuildPhase section */

/* Begin PBXGroup section */
		90546B332AECEC3100D7D35D = {
			isa = PBXGroup;
			children = (
				90546B3E2AECEC3100D7D35D /* DelegateSample */,
				90546B552AECEC3400D7D35D /* DelegateSampleTests */,
				90546B5F2AECEC3400D7D35D /* DelegateSampleUITests */,
				90546B3D2AECEC3100D7D35D /* Products */,
			);
			sourceTree = "<group>";
		};
		90546B3D2AECEC3100D7D35D /* Products */ = {
			isa = PBXGroup;
			children = (
				90546B3C2AECEC3100D7D35D /* DelegateSample.app */,
				90546B522AECEC3400D7D35D /* DelegateSampleTests.xctest */,
				90546B5C2AECEC3400D7D35D /* DelegateSampleUITests.xctest */,
			);
			name = Products;
			sourceTree = "<group>";
		};
		90546B3E2AECEC3100D7D35D /* DelegateSample */ = {
			isa = PBXGroup;
			children = (
				90546B3F2AECEC3100D7D35D /* AppDelegate.swift */,
				90546B412AECEC3100D7D35D /* SceneDelegate.swift */,
				90546B432AECEC3100D7D35D /* ViewController.swift */,
				90546B452AECEC3100D7D35D /* Main.storyboard */,
				90546B482AECEC3400D7D35D /* Assets.xcassets */,
				90546B4A2AECEC3400D7D35D /* LaunchScreen.storyboard */,
				90546B4D2AECEC3400D7D35D /* Info.plist */,
				90546B6F2AECEC5C00D7D35D /* SubView.swift */,
			);
			path = DelegateSample;
			sourceTree = "<group>";
		};
		90546B552AECEC3400D7D35D /* DelegateSampleTests */ = {
			isa = PBXGroup;
			children = (
				90546B562AECEC3400D7D35D /* DelegateSampleTests.swift */,
			);
			path = DelegateSampleTests;
			sourceTree = "<group>";
		};
		90546B5F2AECEC3400D7D35D /* DelegateSampleUITests */ = {
			isa = PBXGroup;
			children = (
				90546B602AECEC3400D7D35D /* DelegateSampleUITests.swift */,
				90546B622AECEC3400D7D35D /* DelegateSampleUITestsLaunchTests.swift */,
			);
			path = DelegateSampleUITests;
			sourceTree = "<group>";
		};
/* End PBXGroup section */

/* Begin PBXNativeTarget section */
		90546B3B2AECEC3100D7D35D /* DelegateSample */ = {
			isa = PBXNativeTarget;
			buildConfigurationList = 90546B662AECEC3400D7D35D /* Build configuration list for PBXNativeTarget "DelegateSample" */;
			buildPhases = (
				90546B382AECEC3100D7D35D /* Sources */,
				90546B392AECEC3100D7D35D /* Frameworks */,
				90546B3A2AECEC3100D7D35D /* Resources */,
			);
			buildRules = (
			);
			dependencies = (
			);
			name = DelegateSample;
			productName = DelegateSample;
			productReference = 90546B3C2AECEC3100D7D35D /* DelegateSample.app */;
			productType = "com.apple.product-type.application";
		};
		90546B512AECEC3400D7D35D /* DelegateSampleTests */ = {
			isa = PBXNativeTarget;
			buildConfigurationList = 90546B692AECEC3400D7D35D /* Build configuration list for PBXNativeTarget "DelegateSampleTests" */;
			buildPhases = (
				90546B4E2AECEC3400D7D35D /* Sources */,
				90546B4F2AECEC3400D7D35D /* Frameworks */,
				90546B502AECEC3400D7D35D /* Resources */,
			);
			buildRules = (
			);
			dependencies = (
				90546B542AECEC3400D7D35D /* PBXTargetDependency */,
			);
			name = DelegateSampleTests;
			productName = DelegateSampleTests;
			productReference = 90546B522AECEC3400D7D35D /* DelegateSampleTests.xctest */;
			productType = "com.apple.product-type.bundle.unit-test";
		};
		90546B5B2AECEC3400D7D35D /* DelegateSampleUITests */ = {
			isa = PBXNativeTarget;
			buildConfigurationList = 90546B6C2AECEC3400D7D35D /* Build configuration list for PBXNativeTarget "DelegateSampleUITests" */;
			buildPhases = (
				90546B582AECEC3400D7D35D /* Sources */,
				90546B592AECEC3400D7D35D /* Frameworks */,
				90546B5A2AECEC3400D7D35D /* Resources */,
			);
			buildRules = (
			);
			dependencies = (
				90546B5E2AECEC3400D7D35D /* PBXTargetDependency */,
			);
			name = DelegateSampleUITests;
			productName = DelegateSampleUITests;
			productReference = 90546B5C2AECEC3400D7D35D /* DelegateSampleUITests.xctest */;
			productType = "com.apple.product-type.bundle.ui-testing";
		};
/* End PBXNativeTarget section */

/* Begin PBXProject section */
		90546B342AECEC3100D7D35D /* Project object */ = {
			isa = PBXProject;
			attributes = {
				BuildIndependentTargetsInParallel = 1;
				LastSwiftUpdateCheck = 1430;
				LastUpgradeCheck = 1430;
				TargetAttributes = {
					90546B3B2AECEC3100D7D35D = {
						CreatedOnToolsVersion = 14.3.1;
					};
					90546B512AECEC3400D7D35D = {
						CreatedOnToolsVersion = 14.3.1;
						TestTargetID = 90546B3B2AECEC3100D7D35D;
					};
					90546B5B2AECEC3400D7D35D = {
						CreatedOnToolsVersion = 14.3.1;
						TestTargetID = 90546B3B2AECEC3100D7D35D;
					};
				};
			};
			buildConfigurationList = 90546B372AECEC3100D7D35D /* Build configuration list for PBXProject "DelegateSample" */;
			compatibilityVersion = "Xcode 14.0";
			developmentRegion = en;
			hasScannedForEncodings = 0;
			knownRegions = (
				en,
				Base,
			);
			mainGroup = 90546B332AECEC3100D7D35D;
			productRefGroup = 90546B3D2AECEC3100D7D35D /* Products */;
			projectDirPath = "";
			projectRoot = "";
			targets = (
				90546B3B2AECEC3100D7D35D /* DelegateSample */,
				90546B512AECEC3400D7D35D /* DelegateSampleTests */,
				90546B5B2AECEC3400D7D35D /* DelegateSampleUITests */,
			);
		};
/* End PBXProject section */

/* Begin PBXResourcesBuildPhase section */
		90546B3A2AECEC3100D7D35D /* Resources */ = {
			isa = PBXResourcesBuildPhase;
			buildActionMask = 2147483647;
			files = (
				90546B4C2AECEC3400D7D35D /* LaunchScreen.storyboard in Resources */,
				90546B492AECEC3400D7D35D /* Assets.xcassets in Resources */,
				90546B472AECEC3100D7D35D /* Main.storyboard in Resources */,
			);
			runOnlyForDeploymentPostprocessing = 0;
		};
		90546B502AECEC3400D7D35D /* Resources */ = {
			isa = PBXResourcesBuildPhase;
			buildActionMask = 2147483647;
			files = (
			);
			runOnlyForDeploymentPostprocessing = 0;
		};
		90546B5A2AECEC3400D7D35D /* Resources */ = {
			isa = PBXResourcesBuildPhase;
			buildActionMask = 2147483647;
			files = (
			);
			runOnlyForDeploymentPostprocessing = 0;
		};
/* End PBXResourcesBuildPhase section */

/* Begin PBXSourcesBuildPhase section */
		90546B382AECEC3100D7D35D /* Sources */ = {
			isa = PBXSourcesBuildPhase;
			buildActionMask = 2147483647;
			files = (
				90546B442AECEC3100D7D35D /* ViewController.swift in Sources */,
				90546B702AECEC5C00D7D35D /* SubView.swift in Sources */,
				90546B402AECEC3100D7D35D /* AppDelegate.swift in Sources */,
				90546B422AECEC3100D7D35D /* SceneDelegate.swift in Sources */,
			);
			runOnlyForDeploymentPostprocessing = 0;
		};
		90546B4E2AECEC3400D7D35D /* Sources */ = {
			isa = PBXSourcesBuildPhase;
			buildActionMask = 2147483647;
			files = (
				90546B572AECEC3400D7D35D /* DelegateSampleTests.swift in Sources */,
			);
			runOnlyForDeploymentPostprocessing = 0;
		};
		90546B582AECEC3400D7D35D /* Sources */ = {
			isa = PBXSourcesBuildPhase;
			buildActionMask = 2147483647;
			files = (
				90546B612AECEC3400D7D35D /* DelegateSampleUITests.swift in Sources */,
				90546B632AECEC3400D7D35D /* DelegateSampleUITestsLaunchTests.swift in Sources */,
			);
			runOnlyForDeploymentPostprocessing = 0;
		};
/* End PBXSourcesBuildPhase section */

/* Begin PBXTargetDependency section */
		90546B542AECEC3400D7D35D /* PBXTargetDependency */ = {
			isa = PBXTargetDependency;
			target = 90546B3B2AECEC3100D7D35D /* DelegateSample */;
			targetProxy = 90546B532AECEC3400D7D35D /* PBXContainerItemProxy */;
		};
		90546B5E2AECEC3400D7D35D /* PBXTargetDependency */ = {
			isa = PBXTargetDependency;
			target = 90546B3B2AECEC3100D7D35D /* DelegateSample */;
			targetProxy = 90546B5D2AECEC3400D7D35D /* PBXContainerItemProxy */;
		};
/* End PBXTargetDependency section */

/* Begin PBXVariantGroup section */
		90546B452AECEC3100D7D35D /* Main.storyboard */ = {
			isa = PBXVariantGroup;
			children = (
				90546B462AECEC3100D7D35D /* Base */,
			);
			name = Main.storyboard;
			sourceTree = "<group>";
		};
		90546B4A2AECEC3400D7D35D /* LaunchScreen.storyboard */ = {
			isa = PBXVariantGroup;
			children = (
				90546B4B2AECEC3400D7D35D /* Base */,
			);
			name = LaunchScreen.storyboard;
			sourceTree = "<group>";
		};
/* End PBXVariantGroup section */

/* Begin XCBuildConfiguration section */
		90546B642AECEC3400D7D35D /* Debug */ = {
			isa = XCBuildConfiguration;
			buildSettings = {
				ALWAYS_SEARCH_USER_PATHS = NO;
				CLANG_ANALYZER_NONNULL = YES;
				CLANG_ANALYZER_NUMBER_OBJECT_CONVERSION = YES_AGGRESSIVE;
				CLANG_CXX_LANGUAGE_STANDARD = "gnu++20";
				CLANG_ENABLE_MODULES = YES;
				CLANG_ENABLE_OBJC_ARC = YES;
				CLANG_ENABLE_OBJC_WEAK = YES;
				CLANG_WARN_BLOCK_CAPTURE_AUTORELEASING = YES;
				CLANG_WARN_BOOL_CONVERSION = YES;
				CLANG_WARN_COMMA = YES;
				CLANG_WARN_CONSTANT_CONVERSION = YES;
				CLANG_WARN_DEPRECATED_OBJC_IMPLEMENTATIONS = YES;
				CLANG_WARN_DIRECT_OBJC_ISA_USAGE = YES_ERROR;
				CLANG_WARN_DOCUMENTATION_COMMENTS = YES;
				CLANG_WARN_EMPTY_BODY = YES;
				CLANG_WARN_ENUM_CONVERSION = YES;
				CLANG_WARN_INFINITE_RECURSION = YES;
				CLANG_WARN_INT_CONVERSION = YES;
				CLANG_WARN_NON_LITERAL_NULL_CONVERSION = YES;
				CLANG_WARN_OBJC_IMPLICIT_RETAIN_SELF = YES;
				CLANG_WARN_OBJC_LITERAL_CONVERSION = YES;
				CLANG_WARN_OBJC_ROOT_CLASS = YES_ERROR;
				CLANG_WARN_QUOTED_INCLUDE_IN_FRAMEWORK_HEADER = YES;
				CLANG_WARN_RANGE_LOOP_ANALYSIS = YES;
				CLANG_WARN_STRICT_PROTOTYPES = YES;
				CLANG_WARN_SUSPICIOUS_MOVE = YES;
				CLANG_WARN_UNGUARDED_AVAILABILITY = YES_AGGRESSIVE;
				CLANG_WARN_UNREACHABLE_CODE = YES;
				CLANG_WARN__DUPLICATE_METHOD_MATCH = YES;
				COPY_PHASE_STRIP = NO;
				DEBUG_INFORMATION_FORMAT = dwarf;
				ENABLE_STRICT_OBJC_MSGSEND = YES;
				ENABLE_TESTABILITY = YES;
				GCC_C_LANGUAGE_STANDARD = gnu11;
				GCC_DYNAMIC_NO_PIC = NO;
				GCC_NO_COMMON_BLOCKS = YES;
				GCC_OPTIMIZATION_LEVEL = 0;
				GCC_PREPROCESSOR_DEFINITIONS = (
					"DEBUG=1",
					"$(inherited)",
				);
				GCC_WARN_64_TO_32_BIT_CONVERSION = YES;
				GCC_WARN_ABOUT_RETURN_TYPE = YES_ERROR;
				GCC_WARN_UNDECLARED_SELECTOR = YES;
				GCC_WARN_UNINITIALIZED_AUTOS = YES_AGGRESSIVE;
				GCC_WARN_UNUSED_FUNCTION = YES;
				GCC_WARN_UNUSED_VARIABLE = YES;
				IPHONEOS_DEPLOYMENT_TARGET = 16.4;
				MTL_ENABLE_DEBUG_INFO = INCLUDE_SOURCE;
				MTL_FAST_MATH = YES;
				ONLY_ACTIVE_ARCH = YES;
				SDKROOT = iphoneos;
				SWIFT_ACTIVE_COMPILATION_CONDITIONS = DEBUG;
				SWIFT_OPTIMIZATION_LEVEL = "-Onone";
			};
			name = Debug;
		};
		90546B652AECEC3400D7D35D /* Release */ = {
			isa = XCBuildConfiguration;
			buildSettings = {
				ALWAYS_SEARCH_USER_PATHS = NO;
				CLANG_ANALYZER_NONNULL = YES;
				CLANG_ANALYZER_NUMBER_OBJECT_CONVERSION = YES_AGGRESSIVE;
				CLANG_CXX_LANGUAGE_STANDARD = "gnu++20";
				CLANG_ENABLE_MODULES = YES;
				CLANG_ENABLE_OBJC_ARC = YES;
				CLANG_ENABLE_OBJC_WEAK = YES;
				CLANG_WARN_BLOCK_CAPTURE_AUTORELEASING = YES;
				CLANG_WARN_BOOL_CONVERSION = YES;
				CLANG_WARN_COMMA = YES;
				CLANG_WARN_CONSTANT_CONVERSION = YES;
				CLANG_WARN_DEPRECATED_OBJC_IMPLEMENTATIONS = YES;
				CLANG_WARN_DIRECT_OBJC_ISA_USAGE = YES_ERROR;
				CLANG_WARN_DOCUMENTATION_COMMENTS = YES;
				CLANG_WARN_EMPTY_BODY = YES;
				CLANG_WARN_ENUM_CONVERSION = YES;
				CLANG_WARN_INFINITE_RECURSION = YES;
				CLANG_WARN_INT_CONVERSION = YES;
				CLANG_WARN_NON_LITERAL_NULL_CONVERSION = YES;
				CLANG_WARN_OBJC_IMPLICIT_RETAIN_SELF = YES;
				CLANG_WARN_OBJC_LITERAL_CONVERSION = YES;
				CLANG_WARN_OBJC_ROOT_CLASS = YES_ERROR;
				CLANG_WARN_QUOTED_INCLUDE_IN_FRAMEWORK_HEADER = YES;
				CLANG_WARN_RANGE_LOOP_ANALYSIS = YES;
				CLANG_WARN_STRICT_PROTOTYPES = YES;
				CLANG_WARN_SUSPICIOUS_MOVE = YES;
				CLANG_WARN_UNGUARDED_AVAILABILITY = YES_AGGRESSIVE;
				CLANG_WARN_UNREACHABLE_CODE = YES;
				CLANG_WARN__DUPLICATE_METHOD_MATCH = YES;
				COPY_PHASE_STRIP = NO;
				DEBUG_INFORMATION_FORMAT = "dwarf-with-dsym";
				ENABLE_NS_ASSERTIONS = NO;
				ENABLE_STRICT_OBJC_MSGSEND = YES;
				GCC_C_LANGUAGE_STANDARD = gnu11;
				GCC_NO_COMMON_BLOCKS = YES;
				GCC_WARN_64_TO_32_BIT_CONVERSION = YES;
				GCC_WARN_ABOUT_RETURN_TYPE = YES_ERROR;
				GCC_WARN_UNDECLARED_SELECTOR = YES;
				GCC_WARN_UNINITIALIZED_AUTOS = YES_AGGRESSIVE;
				GCC_WARN_UNUSED_FUNCTION = YES;
				GCC_WARN_UNUSED_VARIABLE = YES;
				IPHONEOS_DEPLOYMENT_TARGET = 16.4;
				MTL_ENABLE_DEBUG_INFO = NO;
				MTL_FAST_MATH = YES;
				SDKROOT = iphoneos;
				SWIFT_COMPILATION_MODE = wholemodule;
				SWIFT_OPTIMIZATION_LEVEL = "-O";
				VALIDATE_PRODUCT = YES;
			};
			name = Release;
		};
		90546B672AECEC3400D7D35D /* Debug */ = {
			isa = XCBuildConfiguration;
			buildSettings = {
				ASSETCATALOG_COMPILER_APPICON_NAME = AppIcon;
				ASSETCATALOG_COMPILER_GLOBAL_ACCENT_COLOR_NAME = AccentColor;
				CODE_SIGN_STYLE = Automatic;
				CURRENT_PROJECT_VERSION = 1;
				DEVELOPMENT_TEAM = 7YG4RD83Q9;
				GENERATE_INFOPLIST_FILE = YES;
				INFOPLIST_FILE = DelegateSample/Info.plist;
				INFOPLIST_KEY_UIApplicationSupportsIndirectInputEvents = YES;
				INFOPLIST_KEY_UILaunchStoryboardName = LaunchScreen;
				INFOPLIST_KEY_UIMainStoryboardFile = Main;
				INFOPLIST_KEY_UISupportedInterfaceOrientations_iPad = "UIInterfaceOrientationPortrait UIInterfaceOrientationPortraitUpsideDown UIInterfaceOrientationLandscapeLeft UIInterfaceOrientationLandscapeRight";
				INFOPLIST_KEY_UISupportedInterfaceOrientations_iPhone = "UIInterfaceOrientationPortrait UIInterfaceOrientationLandscapeLeft UIInterfaceOrientationLandscapeRight";
				LD_RUNPATH_SEARCH_PATHS = (
					"$(inherited)",
					"@executable_path/Frameworks",
				);
				MARKETING_VERSION = 1.0;
				PRODUCT_BUNDLE_IDENTIFIER = com.minseop.DelegateSample;
				PRODUCT_NAME = "$(TARGET_NAME)";
				SWIFT_EMIT_LOC_STRINGS = YES;
				SWIFT_VERSION = 5.0;
				TARGETED_DEVICE_FAMILY = "1,2";
			};
			name = Debug;
		};
		90546B682AECEC3400D7D35D /* Release */ = {
			isa = XCBuildConfiguration;
			buildSettings = {
				ASSETCATALOG_COMPILER_APPICON_NAME = AppIcon;
				ASSETCATALOG_COMPILER_GLOBAL_ACCENT_COLOR_NAME = AccentColor;
				CODE_SIGN_STYLE = Automatic;
				CURRENT_PROJECT_VERSION = 1;
				DEVELOPMENT_TEAM = 7YG4RD83Q9;
				GENERATE_INFOPLIST_FILE = YES;
				INFOPLIST_FILE = DelegateSample/Info.plist;
				INFOPLIST_KEY_UIApplicationSupportsIndirectInputEvents = YES;
				INFOPLIST_KEY_UILaunchStoryboardName = LaunchScreen;
				INFOPLIST_KEY_UIMainStoryboardFile = Main;
				INFOPLIST_KEY_UISupportedInterfaceOrientations_iPad = "UIInterfaceOrientationPortrait UIInterfaceOrientationPortraitUpsideDown UIInterfaceOrientationLandscapeLeft UIInterfaceOrientationLandscapeRight";
				INFOPLIST_KEY_UISupportedInterfaceOrientations_iPhone = "UIInterfaceOrientationPortrait UIInterfaceOrientationLandscapeLeft UIInterfaceOrientationLandscapeRight";
				LD_RUNPATH_SEARCH_PATHS = (
					"$(inherited)",
					"@executable_path/Frameworks",
				);
				MARKETING_VERSION = 1.0;
				PRODUCT_BUNDLE_IDENTIFIER = com.minseop.DelegateSample;
				PRODUCT_NAME = "$(TARGET_NAME)";
				SWIFT_EMIT_LOC_STRINGS = YES;
				SWIFT_VERSION = 5.0;
				TARGETED_DEVICE_FAMILY = "1,2";
			};
			name = Release;
		};
		90546B6A2AECEC3400D7D35D /* Debug */ = {
			isa = XCBuildConfiguration;
			buildSettings = {
				ALWAYS_EMBED_SWIFT_STANDARD_LIBRARIES = YES;
				BUNDLE_LOADER = "$(TEST_HOST)";
				CODE_SIGN_STYLE = Automatic;
				CURRENT_PROJECT_VERSION = 1;
				DEVELOPMENT_TEAM = 7YG4RD83Q9;
				GENERATE_INFOPLIST_FILE = YES;
				IPHONEOS_DEPLOYMENT_TARGET = 16.4;
				MARKETING_VERSION = 1.0;
				PRODUCT_BUNDLE_IDENTIFIER = com.minseop.DelegateSampleTests;
				PRODUCT_NAME = "$(TARGET_NAME)";
				SWIFT_EMIT_LOC_STRINGS = NO;
				SWIFT_VERSION = 5.0;
				TARGETED_DEVICE_FAMILY = "1,2";
				TEST_HOST = "$(BUILT_PRODUCTS_DIR)/DelegateSample.app/$(BUNDLE_EXECUTABLE_FOLDER_PATH)/DelegateSample";
			};
			name = Debug;
		};
		90546B6B2AECEC3400D7D35D /* Release */ = {
			isa = XCBuildConfiguration;
			buildSettings = {
				ALWAYS_EMBED_SWIFT_STANDARD_LIBRARIES = YES;
				BUNDLE_LOADER = "$(TEST_HOST)";
				CODE_SIGN_STYLE = Automatic;
				CURRENT_PROJECT_VERSION = 1;
				DEVELOPMENT_TEAM = 7YG4RD83Q9;
				GENERATE_INFOPLIST_FILE = YES;
				IPHONEOS_DEPLOYMENT_TARGET = 16.4;
				MARKETING_VERSION = 1.0;
				PRODUCT_BUNDLE_IDENTIFIER = com.minseop.DelegateSampleTests;
				PRODUCT_NAME = "$(TARGET_NAME)";
				SWIFT_EMIT_LOC_STRINGS = NO;
				SWIFT_VERSION = 5.0;
				TARGETED_DEVICE_FAMILY = "1,2";
				TEST_HOST = "$(BUILT_PRODUCTS_DIR)/DelegateSample.app/$(BUNDLE_EXECUTABLE_FOLDER_PATH)/DelegateSample";
			};
			name = Release;
		};
		90546B6D2AECEC3400D7D35D /* Debug */ = {
			isa = XCBuildConfiguration;
			buildSettings = {
				ALWAYS_EMBED_SWIFT_STANDARD_LIBRARIES = YES;
				CODE_SIGN_STYLE = Automatic;
				CURRENT_PROJECT_VERSION = 1;
				DEVELOPMENT_TEAM = 7YG4RD83Q9;
				GENERATE_INFOPLIST_FILE = YES;
				MARKETING_VERSION = 1.0;
				PRODUCT_BUNDLE_IDENTIFIER = com.minseop.DelegateSampleUITests;
				PRODUCT_NAME = "$(TARGET_NAME)";
				SWIFT_EMIT_LOC_STRINGS = NO;
				SWIFT_VERSION = 5.0;
				TARGETED_DEVICE_FAMILY = "1,2";
				TEST_TARGET_NAME = DelegateSample;
			};
			name = Debug;
		};
		90546B6E2AECEC3400D7D35D /* Release */ = {
			isa = XCBuildConfiguration;
			buildSettings = {
				ALWAYS_EMBED_SWIFT_STANDARD_LIBRARIES = YES;
				CODE_SIGN_STYLE = Automatic;
				CURRENT_PROJECT_VERSION = 1;
				DEVELOPMENT_TEAM = 7YG4RD83Q9;
				GENERATE_INFOPLIST_FILE = YES;
				MARKETING_VERSION = 1.0;
				PRODUCT_BUNDLE_IDENTIFIER = com.minseop.DelegateSampleUITests;
				PRODUCT_NAME = "$(TARGET_NAME)";
				SWIFT_EMIT_LOC_STRINGS = NO;
				SWIFT_VERSION = 5.0;
				TARGETED_DEVICE_FAMILY = "1,2";
				TEST_TARGET_NAME = DelegateSample;
			};
			name = Release;
		};
/* End XCBuildConfiguration section */

/* Begin XCConfigurationList section */
		90546B372AECEC3100D7D35D /* Build configuration list for PBXProject "DelegateSample" */ = {
			isa = XCConfigurationList;
			buildConfigurations = (
				90546B642AECEC3400D7D35D /* Debug */,
				90546B652AECEC3400D7D35D /* Release */,
			);
			defaultConfigurationIsVisible = 0;
			defaultConfigurationName = Release;
		};
		90546B662AECEC3400D7D35D /* Build configuration list for PBXNativeTarget "DelegateSample" */ = {
			isa = XCConfigurationList;
			buildConfigurations = (
				90546B672AECEC3400D7D35D /* Debug */,
				90546B682AECEC3400D7D35D /* Release */,
			);
			defaultConfigurationIsVisible = 0;
			defaultConfigurationName = Release;
		};
		90546B692AECEC3400D7D35D /* Build configuration list for PBXNativeTarget "DelegateSampleTests" */ = {
			isa = XCConfigurationList;
			buildConfigurations = (
				90546B6A2AECEC3400D7D35D /* Debug */,
				90546B6B2AECEC3400D7D35D /* Release */,
			);
			defaultConfigurationIsVisible = 0;
			defaultConfigurationName = Release;
		};
		90546B6C2AECEC3400D7D35D /* Build configuration list for PBXNativeTarget "DelegateSampleUITests" */ = {
			isa = XCConfigurationList;
			buildConfigurations = (
				90546B6D2AECEC3400D7D35D /* Debug */,
				90546B6E2AECEC3400D7D35D /* Release */,
			);
			defaultConfigurationIsVisible = 0;
			defaultConfigurationName = Release;
		};
/* End XCConfigurationList section */
	};
	rootObject = 90546B342AECEC3100D7D35D /* Project object */;
}
