// !$*UTF8*$!
{
	archiveVersion = 1;
	classes = {
	};
	objectVersion = 56;
	objects = {

/* Begin PBXBuildFile section */
		90546A702AD0041300D7D35D /* AppDelegate.swift in Sources */ = {isa = PBXBuildFile; fileRef = 90546A6F2AD0041300D7D35D /* AppDelegate.swift */; };
		90546A722AD0041300D7D35D /* SceneDelegate.swift in Sources */ = {isa = PBXBuildFile; fileRef = 90546A712AD0041300D7D35D /* SceneDelegate.swift */; };
		90546A742AD0041300D7D35D /* ViewController.swift in Sources */ = {isa = PBXBuildFile; fileRef = 90546A732AD0041300D7D35D /* ViewController.swift */; };
		90546A772AD0041300D7D35D /* Main.storyboard in Resources */ = {isa = PBXBuildFile; fileRef = 90546A752AD0041300D7D35D /* Main.storyboard */; };
		90546A792AD0041500D7D35D /* Assets.xcassets in Resources */ = {isa = PBXBuildFile; fileRef = 90546A782AD0041500D7D35D /* Assets.xcassets */; };
		90546A7C2AD0041500D7D35D /* LaunchScreen.storyboard in Resources */ = {isa = PBXBuildFile; fileRef = 90546A7A2AD0041500D7D35D /* LaunchScreen.storyboard */; };
		90546A872AD0041500D7D35D /* HW4Tests.swift in Sources */ = {isa = PBXBuildFile; fileRef = 90546A862AD0041500D7D35D /* HW4Tests.swift */; };
		90546A912AD0041500D7D35D /* HW4UITests.swift in Sources */ = {isa = PBXBuildFile; fileRef = 90546A902AD0041500D7D35D /* HW4UITests.swift */; };
		90546A932AD0041500D7D35D /* HW4UITestsLaunchTests.swift in Sources */ = {isa = PBXBuildFile; fileRef = 90546A922AD0041500D7D35D /* HW4UITestsLaunchTests.swift */; };
		90546AA12AD0055B00D7D35D /* FirstViewController.swift in Sources */ = {isa = PBXBuildFile; fileRef = 90546AA02AD0055B00D7D35D /* FirstViewController.swift */; };
		90546AA32AD0056600D7D35D /* SecondViewController.swift in Sources */ = {isa = PBXBuildFile; fileRef = 90546AA22AD0056600D7D35D /* SecondViewController.swift */; };
		90546AA52AD0057200D7D35D /* ThirdViewController.swift in Sources */ = {isa = PBXBuildFile; fileRef = 90546AA42AD0057200D7D35D /* ThirdViewController.swift */; };
		90546AA72AD0057E00D7D35D /* FourthViewController.swift in Sources */ = {isa = PBXBuildFile; fileRef = 90546AA62AD0057E00D7D35D /* FourthViewController.swift */; };
		90546AA92AD0058C00D7D35D /* FifthViewController.swift in Sources */ = {isa = PBXBuildFile; fileRef = 90546AA82AD0058C00D7D35D /* FifthViewController.swift */; };
		90546AAC2AD0079600D7D35D /* CollectionViewTableViewCell.swift in Sources */ = {isa = PBXBuildFile; fileRef = 90546AAB2AD0079600D7D35D /* CollectionViewTableViewCell.swift */; };
		90546AAE2AD007D600D7D35D /* MediaViewCell.swift in Sources */ = {isa = PBXBuildFile; fileRef = 90546AAD2AD007D600D7D35D /* MediaViewCell.swift */; };
		90546AB52AE3A4A600D7D35D /* Model.swift in Sources */ = {isa = PBXBuildFile; fileRef = 90546AB42AE3A4A600D7D35D /* Model.swift */; };
		90546AB72AE3A4B800D7D35D /* MovieData.swift in Sources */ = {isa = PBXBuildFile; fileRef = 90546AB62AE3A4B800D7D35D /* MovieData.swift */; };
		90546BB02AEF9AC500D7D35D /* HomeCollectionViewCell.swift in Sources */ = {isa = PBXBuildFile; fileRef = 90546BAF2AEF9AC500D7D35D /* HomeCollectionViewCell.swift */; };
		90546BB42AEF9EB200D7D35D /* UpcomingTableViewCell.swift in Sources */ = {isa = PBXBuildFile; fileRef = 90546BB32AEF9EB200D7D35D /* UpcomingTableViewCell.swift */; };
		90546BB82AEFB10C00D7D35D /* ComingSoonMovie.swift in Sources */ = {isa = PBXBuildFile; fileRef = 90546BB72AEFB10C00D7D35D /* ComingSoonMovie.swift */; };
		908BABF02AF4B6BB001E0519 /* DetailViewController.swift in Sources */ = {isa = PBXBuildFile; fileRef = 908BABEF2AF4B6BB001E0519 /* DetailViewController.swift */; };
		90B2A3D22AFC7095008B1C1A /* Realm in Frameworks */ = {isa = PBXBuildFile; productRef = 90B2A3D12AFC7095008B1C1A /* Realm */; };
		90B2A3D42AFC7095008B1C1A /* RealmSwift in Frameworks */ = {isa = PBXBuildFile; productRef = 90B2A3D32AFC7095008B1C1A /* RealmSwift */; };
		90B2A3D62AFC742B008B1C1A /* DownloadsViewController.swift in Sources */ = {isa = PBXBuildFile; fileRef = 90B2A3D52AFC742B008B1C1A /* DownloadsViewController.swift */; };
/* End PBXBuildFile section */

/* Begin PBXContainerItemProxy section */
		90546A832AD0041500D7D35D /* PBXContainerItemProxy */ = {
			isa = PBXContainerItemProxy;
			containerPortal = 90546A642AD0041300D7D35D /* Project object */;
			proxyType = 1;
			remoteGlobalIDString = 90546A6B2AD0041300D7D35D;
			remoteInfo = HW4;
		};
		90546A8D2AD0041500D7D35D /* PBXContainerItemProxy */ = {
			isa = PBXContainerItemProxy;
			containerPortal = 90546A642AD0041300D7D35D /* Project object */;
			proxyType = 1;
			remoteGlobalIDString = 90546A6B2AD0041300D7D35D;
			remoteInfo = HW4;
		};
/* End PBXContainerItemProxy section */

/* Begin PBXFileReference section */
		90546A6C2AD0041300D7D35D /* HW4.app */ = {isa = PBXFileReference; explicitFileType = wrapper.application; includeInIndex = 0; path = HW4.app; sourceTree = BUILT_PRODUCTS_DIR; };
		90546A6F2AD0041300D7D35D /* AppDelegate.swift */ = {isa = PBXFileReference; lastKnownFileType = sourcecode.swift; path = AppDelegate.swift; sourceTree = "<group>"; };
		90546A712AD0041300D7D35D /* SceneDelegate.swift */ = {isa = PBXFileReference; lastKnownFileType = sourcecode.swift; path = SceneDelegate.swift; sourceTree = "<group>"; };
		90546A732AD0041300D7D35D /* ViewController.swift */ = {isa = PBXFileReference; lastKnownFileType = sourcecode.swift; path = ViewController.swift; sourceTree = "<group>"; };
		90546A762AD0041300D7D35D /* Base */ = {isa = PBXFileReference; lastKnownFileType = file.storyboard; name = Base; path = Base.lproj/Main.storyboard; sourceTree = "<group>"; };
		90546A782AD0041500D7D35D /* Assets.xcassets */ = {isa = PBXFileReference; lastKnownFileType = folder.assetcatalog; path = Assets.xcassets; sourceTree = "<group>"; };
		90546A7B2AD0041500D7D35D /* Base */ = {isa = PBXFileReference; lastKnownFileType = file.storyboard; name = Base; path = Base.lproj/LaunchScreen.storyboard; sourceTree = "<group>"; };
		90546A7D2AD0041500D7D35D /* Info.plist */ = {isa = PBXFileReference; lastKnownFileType = text.plist.xml; path = Info.plist; sourceTree = "<group>"; };
		90546A822AD0041500D7D35D /* HW4Tests.xctest */ = {isa = PBXFileReference; explicitFileType = wrapper.cfbundle; includeInIndex = 0; path = HW4Tests.xctest; sourceTree = BUILT_PRODUCTS_DIR; };
		90546A862AD0041500D7D35D /* HW4Tests.swift */ = {isa = PBXFileReference; lastKnownFileType = sourcecode.swift; path = HW4Tests.swift; sourceTree = "<group>"; };
		90546A8C2AD0041500D7D35D /* HW4UITests.xctest */ = {isa = PBXFileReference; explicitFileType = wrapper.cfbundle; includeInIndex = 0; path = HW4UITests.xctest; sourceTree = BUILT_PRODUCTS_DIR; };
		90546A902AD0041500D7D35D /* HW4UITests.swift */ = {isa = PBXFileReference; lastKnownFileType = sourcecode.swift; path = HW4UITests.swift; sourceTree = "<group>"; };
		90546A922AD0041500D7D35D /* HW4UITestsLaunchTests.swift */ = {isa = PBXFileReference; lastKnownFileType = sourcecode.swift; path = HW4UITestsLaunchTests.swift; sourceTree = "<group>"; };
		90546AA02AD0055B00D7D35D /* FirstViewController.swift */ = {isa = PBXFileReference; lastKnownFileType = sourcecode.swift; path = FirstViewController.swift; sourceTree = "<group>"; };
		90546AA22AD0056600D7D35D /* SecondViewController.swift */ = {isa = PBXFileReference; lastKnownFileType = sourcecode.swift; path = SecondViewController.swift; sourceTree = "<group>"; };
		90546AA42AD0057200D7D35D /* ThirdViewController.swift */ = {isa = PBXFileReference; lastKnownFileType = sourcecode.swift; path = ThirdViewController.swift; sourceTree = "<group>"; };
		90546AA62AD0057E00D7D35D /* FourthViewController.swift */ = {isa = PBXFileReference; lastKnownFileType = sourcecode.swift; path = FourthViewController.swift; sourceTree = "<group>"; };
		90546AA82AD0058C00D7D35D /* FifthViewController.swift */ = {isa = PBXFileReference; lastKnownFileType = sourcecode.swift; path = FifthViewController.swift; sourceTree = "<group>"; };
		90546AAB2AD0079600D7D35D /* CollectionViewTableViewCell.swift */ = {isa = PBXFileReference; lastKnownFileType = sourcecode.swift; path = CollectionViewTableViewCell.swift; sourceTree = "<group>"; };
		90546AAD2AD007D600D7D35D /* MediaViewCell.swift */ = {isa = PBXFileReference; lastKnownFileType = sourcecode.swift; path = MediaViewCell.swift; sourceTree = "<group>"; };
		90546AB42AE3A4A600D7D35D /* Model.swift */ = {isa = PBXFileReference; lastKnownFileType = sourcecode.swift; path = Model.swift; sourceTree = "<group>"; };
		90546AB62AE3A4B800D7D35D /* MovieData.swift */ = {isa = PBXFileReference; lastKnownFileType = sourcecode.swift; path = MovieData.swift; sourceTree = "<group>"; };
		90546BAF2AEF9AC500D7D35D /* HomeCollectionViewCell.swift */ = {isa = PBXFileReference; lastKnownFileType = sourcecode.swift; path = HomeCollectionViewCell.swift; sourceTree = "<group>"; };
		90546BB32AEF9EB200D7D35D /* UpcomingTableViewCell.swift */ = {isa = PBXFileReference; lastKnownFileType = sourcecode.swift; path = UpcomingTableViewCell.swift; sourceTree = "<group>"; };
		90546BB72AEFB10C00D7D35D /* ComingSoonMovie.swift */ = {isa = PBXFileReference; lastKnownFileType = sourcecode.swift; path = ComingSoonMovie.swift; sourceTree = "<group>"; };
		908BABEF2AF4B6BB001E0519 /* DetailViewController.swift */ = {isa = PBXFileReference; lastKnownFileType = sourcecode.swift; path = DetailViewController.swift; sourceTree = "<group>"; };
		90B2A3D52AFC742B008B1C1A /* DownloadsViewController.swift */ = {isa = PBXFileReference; lastKnownFileType = sourcecode.swift; path = DownloadsViewController.swift; sourceTree = "<group>"; };
/* End PBXFileReference section */

/* Begin PBXFrameworksBuildPhase section */
		90546A692AD0041300D7D35D /* Frameworks */ = {
			isa = PBXFrameworksBuildPhase;
			buildActionMask = 2147483647;
			files = (
				90B2A3D42AFC7095008B1C1A /* RealmSwift in Frameworks */,
				90B2A3D22AFC7095008B1C1A /* Realm in Frameworks */,
			);
			runOnlyForDeploymentPostprocessing = 0;
		};
		90546A7F2AD0041500D7D35D /* Frameworks */ = {
			isa = PBXFrameworksBuildPhase;
			buildActionMask = 2147483647;
			files = (
			);
			runOnlyForDeploymentPostprocessing = 0;
		};
		90546A892AD0041500D7D35D /* Frameworks */ = {
			isa = PBXFrameworksBuildPhase;
			buildActionMask = 2147483647;
			files = (
			);
			runOnlyForDeploymentPostprocessing = 0;
		};
/* End PBXFrameworksBuildPhase section */

/* Begin PBXGroup section */
		90546A632AD0041300D7D35D = {
			isa = PBXGroup;
			children = (
				90546A6E2AD0041300D7D35D /* HW4 */,
				90546A852AD0041500D7D35D /* HW4Tests */,
				90546A8F2AD0041500D7D35D /* HW4UITests */,
				90546A6D2AD0041300D7D35D /* Products */,
			);
			sourceTree = "<group>";
		};
		90546A6D2AD0041300D7D35D /* Products */ = {
			isa = PBXGroup;
			children = (
				90546A6C2AD0041300D7D35D /* HW4.app */,
				90546A822AD0041500D7D35D /* HW4Tests.xctest */,
				90546A8C2AD0041500D7D35D /* HW4UITests.xctest */,
			);
			name = Products;
			sourceTree = "<group>";
		};
		90546A6E2AD0041300D7D35D /* HW4 */ = {
			isa = PBXGroup;
			children = (
				90546AAF2AE3772500D7D35D /* Models */,
				90546AAA2AD0075200D7D35D /* Views */,
				90546A9F2AD0053500D7D35D /* Controller */,
				90546A6F2AD0041300D7D35D /* AppDelegate.swift */,
				90546A712AD0041300D7D35D /* SceneDelegate.swift */,
				90546A732AD0041300D7D35D /* ViewController.swift */,
				90546A752AD0041300D7D35D /* Main.storyboard */,
				90546A782AD0041500D7D35D /* Assets.xcassets */,
				90546A7A2AD0041500D7D35D /* LaunchScreen.storyboard */,
				90546A7D2AD0041500D7D35D /* Info.plist */,
			);
			path = HW4;
			sourceTree = "<group>";
		};
		90546A852AD0041500D7D35D /* HW4Tests */ = {
			isa = PBXGroup;
			children = (
				90546A862AD0041500D7D35D /* HW4Tests.swift */,
			);
			path = HW4Tests;
			sourceTree = "<group>";
		};
		90546A8F2AD0041500D7D35D /* HW4UITests */ = {
			isa = PBXGroup;
			children = (
				90546A902AD0041500D7D35D /* HW4UITests.swift */,
				90546A922AD0041500D7D35D /* HW4UITestsLaunchTests.swift */,
			);
			path = HW4UITests;
			sourceTree = "<group>";
		};
		90546A9F2AD0053500D7D35D /* Controller */ = {
			isa = PBXGroup;
			children = (
				90546AA02AD0055B00D7D35D /* FirstViewController.swift */,
				90546AA22AD0056600D7D35D /* SecondViewController.swift */,
				90546AA42AD0057200D7D35D /* ThirdViewController.swift */,
				90546AA62AD0057E00D7D35D /* FourthViewController.swift */,
				90B2A3D52AFC742B008B1C1A /* DownloadsViewController.swift */,
				90546AA82AD0058C00D7D35D /* FifthViewController.swift */,
				908BABEF2AF4B6BB001E0519 /* DetailViewController.swift */,
			);
			path = Controller;
			sourceTree = "<group>";
		};
		90546AAA2AD0075200D7D35D /* Views */ = {
			isa = PBXGroup;
			children = (
				90546AAD2AD007D600D7D35D /* MediaViewCell.swift */,
				90546BAF2AEF9AC500D7D35D /* HomeCollectionViewCell.swift */,
				90546AAB2AD0079600D7D35D /* CollectionViewTableViewCell.swift */,
				90546BB32AEF9EB200D7D35D /* UpcomingTableViewCell.swift */,
			);
			path = Views;
			sourceTree = "<group>";
		};
		90546AAF2AE3772500D7D35D /* Models */ = {
			isa = PBXGroup;
			children = (
				90546AB62AE3A4B800D7D35D /* MovieData.swift */,
				90546AB42AE3A4A600D7D35D /* Model.swift */,
				90546BB72AEFB10C00D7D35D /* ComingSoonMovie.swift */,
			);
			path = Models;
			sourceTree = "<group>";
		};
/* End PBXGroup section */

/* Begin PBXNativeTarget section */
		90546A6B2AD0041300D7D35D /* HW4 */ = {
			isa = PBXNativeTarget;
			buildConfigurationList = 90546A962AD0041500D7D35D /* Build configuration list for PBXNativeTarget "HW4" */;
			buildPhases = (
				90546A682AD0041300D7D35D /* Sources */,
				90546A692AD0041300D7D35D /* Frameworks */,
				90546A6A2AD0041300D7D35D /* Resources */,
			);
			buildRules = (
			);
			dependencies = (
			);
			name = HW4;
			packageProductDependencies = (
				90B2A3D12AFC7095008B1C1A /* Realm */,
				90B2A3D32AFC7095008B1C1A /* RealmSwift */,
			);
			productName = HW4;
			productReference = 90546A6C2AD0041300D7D35D /* HW4.app */;
			productType = "com.apple.product-type.application";
		};
		90546A812AD0041500D7D35D /* HW4Tests */ = {
			isa = PBXNativeTarget;
			buildConfigurationList = 90546A992AD0041500D7D35D /* Build configuration list for PBXNativeTarget "HW4Tests" */;
			buildPhases = (
				90546A7E2AD0041500D7D35D /* Sources */,
				90546A7F2AD0041500D7D35D /* Frameworks */,
				90546A802AD0041500D7D35D /* Resources */,
			);
			buildRules = (
			);
			dependencies = (
				90546A842AD0041500D7D35D /* PBXTargetDependency */,
			);
			name = HW4Tests;
			productName = HW4Tests;
			productReference = 90546A822AD0041500D7D35D /* HW4Tests.xctest */;
			productType = "com.apple.product-type.bundle.unit-test";
		};
		90546A8B2AD0041500D7D35D /* HW4UITests */ = {
			isa = PBXNativeTarget;
			buildConfigurationList = 90546A9C2AD0041500D7D35D /* Build configuration list for PBXNativeTarget "HW4UITests" */;
			buildPhases = (
				90546A882AD0041500D7D35D /* Sources */,
				90546A892AD0041500D7D35D /* Frameworks */,
				90546A8A2AD0041500D7D35D /* Resources */,
			);
			buildRules = (
			);
			dependencies = (
				90546A8E2AD0041500D7D35D /* PBXTargetDependency */,
			);
			name = HW4UITests;
			productName = HW4UITests;
			productReference = 90546A8C2AD0041500D7D35D /* HW4UITests.xctest */;
			productType = "com.apple.product-type.bundle.ui-testing";
		};
/* End PBXNativeTarget section */

/* Begin PBXProject section */
		90546A642AD0041300D7D35D /* Project object */ = {
			isa = PBXProject;
			attributes = {
				BuildIndependentTargetsInParallel = 1;
				LastSwiftUpdateCheck = 1430;
				LastUpgradeCheck = 1430;
				TargetAttributes = {
					90546A6B2AD0041300D7D35D = {
						CreatedOnToolsVersion = 14.3.1;
					};
					90546A812AD0041500D7D35D = {
						CreatedOnToolsVersion = 14.3.1;
						TestTargetID = 90546A6B2AD0041300D7D35D;
					};
					90546A8B2AD0041500D7D35D = {
						CreatedOnToolsVersion = 14.3.1;
						TestTargetID = 90546A6B2AD0041300D7D35D;
					};
				};
			};
			buildConfigurationList = 90546A672AD0041300D7D35D /* Build configuration list for PBXProject "HW4" */;
			compatibilityVersion = "Xcode 14.0";
			developmentRegion = en;
			hasScannedForEncodings = 0;
			knownRegions = (
				en,
				Base,
			);
			mainGroup = 90546A632AD0041300D7D35D;
			packageReferences = (
				90B2A3D02AFC7095008B1C1A /* XCRemoteSwiftPackageReference "realm-swift" */,
			);
			productRefGroup = 90546A6D2AD0041300D7D35D /* Products */;
			projectDirPath = "";
			projectRoot = "";
			targets = (
				90546A6B2AD0041300D7D35D /* HW4 */,
				90546A812AD0041500D7D35D /* HW4Tests */,
				90546A8B2AD0041500D7D35D /* HW4UITests */,
			);
		};
/* End PBXProject section */

/* Begin PBXResourcesBuildPhase section */
		90546A6A2AD0041300D7D35D /* Resources */ = {
			isa = PBXResourcesBuildPhase;
			buildActionMask = 2147483647;
			files = (
				90546A7C2AD0041500D7D35D /* LaunchScreen.storyboard in Resources */,
				90546A792AD0041500D7D35D /* Assets.xcassets in Resources */,
				90546A772AD0041300D7D35D /* Main.storyboard in Resources */,
			);
			runOnlyForDeploymentPostprocessing = 0;
		};
		90546A802AD0041500D7D35D /* Resources */ = {
			isa = PBXResourcesBuildPhase;
			buildActionMask = 2147483647;
			files = (
			);
			runOnlyForDeploymentPostprocessing = 0;
		};
		90546A8A2AD0041500D7D35D /* Resources */ = {
			isa = PBXResourcesBuildPhase;
			buildActionMask = 2147483647;
			files = (
			);
			runOnlyForDeploymentPostprocessing = 0;
		};
/* End PBXResourcesBuildPhase section */

/* Begin PBXSourcesBuildPhase section */
		90546A682AD0041300D7D35D /* Sources */ = {
			isa = PBXSourcesBuildPhase;
			buildActionMask = 2147483647;
			files = (
				90546BB82AEFB10C00D7D35D /* ComingSoonMovie.swift in Sources */,
				90546A742AD0041300D7D35D /* ViewController.swift in Sources */,
				90546AB72AE3A4B800D7D35D /* MovieData.swift in Sources */,
				90546AAE2AD007D600D7D35D /* MediaViewCell.swift in Sources */,
				90546BB42AEF9EB200D7D35D /* UpcomingTableViewCell.swift in Sources */,
				90546AB52AE3A4A600D7D35D /* Model.swift in Sources */,
				90546A702AD0041300D7D35D /* AppDelegate.swift in Sources */,
				908BABF02AF4B6BB001E0519 /* DetailViewController.swift in Sources */,
				90546BB02AEF9AC500D7D35D /* HomeCollectionViewCell.swift in Sources */,
				90546A722AD0041300D7D35D /* SceneDelegate.swift in Sources */,
				90546AA72AD0057E00D7D35D /* FourthViewController.swift in Sources */,
				90B2A3D62AFC742B008B1C1A /* DownloadsViewController.swift in Sources */,
				90546AAC2AD0079600D7D35D /* CollectionViewTableViewCell.swift in Sources */,
				90546AA92AD0058C00D7D35D /* FifthViewController.swift in Sources */,
				90546AA32AD0056600D7D35D /* SecondViewController.swift in Sources */,
				90546AA52AD0057200D7D35D /* ThirdViewController.swift in Sources */,
				90546AA12AD0055B00D7D35D /* FirstViewController.swift in Sources */,
			);
			runOnlyForDeploymentPostprocessing = 0;
		};
		90546A7E2AD0041500D7D35D /* Sources */ = {
			isa = PBXSourcesBuildPhase;
			buildActionMask = 2147483647;
			files = (
				90546A872AD0041500D7D35D /* HW4Tests.swift in Sources */,
			);
			runOnlyForDeploymentPostprocessing = 0;
		};
		90546A882AD0041500D7D35D /* Sources */ = {
			isa = PBXSourcesBuildPhase;
			buildActionMask = 2147483647;
			files = (
				90546A932AD0041500D7D35D /* HW4UITestsLaunchTests.swift in Sources */,
				90546A912AD0041500D7D35D /* HW4UITests.swift in Sources */,
			);
			runOnlyForDeploymentPostprocessing = 0;
		};
/* End PBXSourcesBuildPhase section */

/* Begin PBXTargetDependency section */
		90546A842AD0041500D7D35D /* PBXTargetDependency */ = {
			isa = PBXTargetDependency;
			target = 90546A6B2AD0041300D7D35D /* HW4 */;
			targetProxy = 90546A832AD0041500D7D35D /* PBXContainerItemProxy */;
		};
		90546A8E2AD0041500D7D35D /* PBXTargetDependency */ = {
			isa = PBXTargetDependency;
			target = 90546A6B2AD0041300D7D35D /* HW4 */;
			targetProxy = 90546A8D2AD0041500D7D35D /* PBXContainerItemProxy */;
		};
/* End PBXTargetDependency section */

/* Begin PBXVariantGroup section */
		90546A752AD0041300D7D35D /* Main.storyboard */ = {
			isa = PBXVariantGroup;
			children = (
				90546A762AD0041300D7D35D /* Base */,
			);
			name = Main.storyboard;
			sourceTree = "<group>";
		};
		90546A7A2AD0041500D7D35D /* LaunchScreen.storyboard */ = {
			isa = PBXVariantGroup;
			children = (
				90546A7B2AD0041500D7D35D /* Base */,
			);
			name = LaunchScreen.storyboard;
			sourceTree = "<group>";
		};
/* End PBXVariantGroup section */

/* Begin XCBuildConfiguration section */
		90546A942AD0041500D7D35D /* Debug */ = {
			isa = XCBuildConfiguration;
			buildSettings = {
				ALWAYS_SEARCH_USER_PATHS = NO;
				CLANG_ANALYZER_NONNULL = YES;
				CLANG_ANALYZER_NUMBER_OBJECT_CONVERSION = YES_AGGRESSIVE;
				CLANG_CXX_LANGUAGE_STANDARD = "gnu++20";
				CLANG_ENABLE_MODULES = YES;
				CLANG_ENABLE_OBJC_ARC = YES;
				CLANG_ENABLE_OBJC_WEAK = YES;
				CLANG_WARN_BLOCK_CAPTURE_AUTORELEASING = YES;
				CLANG_WARN_BOOL_CONVERSION = YES;
				CLANG_WARN_COMMA = YES;
				CLANG_WARN_CONSTANT_CONVERSION = YES;
				CLANG_WARN_DEPRECATED_OBJC_IMPLEMENTATIONS = YES;
				CLANG_WARN_DIRECT_OBJC_ISA_USAGE = YES_ERROR;
				CLANG_WARN_DOCUMENTATION_COMMENTS = YES;
				CLANG_WARN_EMPTY_BODY = YES;
				CLANG_WARN_ENUM_CONVERSION = YES;
				CLANG_WARN_INFINITE_RECURSION = YES;
				CLANG_WARN_INT_CONVERSION = YES;
				CLANG_WARN_NON_LITERAL_NULL_CONVERSION = YES;
				CLANG_WARN_OBJC_IMPLICIT_RETAIN_SELF = YES;
				CLANG_WARN_OBJC_LITERAL_CONVERSION = YES;
				CLANG_WARN_OBJC_ROOT_CLASS = YES_ERROR;
				CLANG_WARN_QUOTED_INCLUDE_IN_FRAMEWORK_HEADER = YES;
				CLANG_WARN_RANGE_LOOP_ANALYSIS = YES;
				CLANG_WARN_STRICT_PROTOTYPES = YES;
				CLANG_WARN_SUSPICIOUS_MOVE = YES;
				CLANG_WARN_UNGUARDED_AVAILABILITY = YES_AGGRESSIVE;
				CLANG_WARN_UNREACHABLE_CODE = YES;
				CLANG_WARN__DUPLICATE_METHOD_MATCH = YES;
				COPY_PHASE_STRIP = NO;
				DEBUG_INFORMATION_FORMAT = dwarf;
				ENABLE_STRICT_OBJC_MSGSEND = YES;
				ENABLE_TESTABILITY = YES;
				GCC_C_LANGUAGE_STANDARD = gnu11;
				GCC_DYNAMIC_NO_PIC = NO;
				GCC_NO_COMMON_BLOCKS = YES;
				GCC_OPTIMIZATION_LEVEL = 0;
				GCC_PREPROCESSOR_DEFINITIONS = (
					"DEBUG=1",
					"$(inherited)",
				);
				GCC_WARN_64_TO_32_BIT_CONVERSION = YES;
				GCC_WARN_ABOUT_RETURN_TYPE = YES_ERROR;
				GCC_WARN_UNDECLARED_SELECTOR = YES;
				GCC_WARN_UNINITIALIZED_AUTOS = YES_AGGRESSIVE;
				GCC_WARN_UNUSED_FUNCTION = YES;
				GCC_WARN_UNUSED_VARIABLE = YES;
				IPHONEOS_DEPLOYMENT_TARGET = 16.4;
				MTL_ENABLE_DEBUG_INFO = INCLUDE_SOURCE;
				MTL_FAST_MATH = YES;
				ONLY_ACTIVE_ARCH = YES;
				SDKROOT = iphoneos;
				SWIFT_ACTIVE_COMPILATION_CONDITIONS = DEBUG;
				SWIFT_OPTIMIZATION_LEVEL = "-Onone";
			};
			name = Debug;
		};
		90546A952AD0041500D7D35D /* Release */ = {
			isa = XCBuildConfiguration;
			buildSettings = {
				ALWAYS_SEARCH_USER_PATHS = NO;
				CLANG_ANALYZER_NONNULL = YES;
				CLANG_ANALYZER_NUMBER_OBJECT_CONVERSION = YES_AGGRESSIVE;
				CLANG_CXX_LANGUAGE_STANDARD = "gnu++20";
				CLANG_ENABLE_MODULES = YES;
				CLANG_ENABLE_OBJC_ARC = YES;
				CLANG_ENABLE_OBJC_WEAK = YES;
				CLANG_WARN_BLOCK_CAPTURE_AUTORELEASING = YES;
				CLANG_WARN_BOOL_CONVERSION = YES;
				CLANG_WARN_COMMA = YES;
				CLANG_WARN_CONSTANT_CONVERSION = YES;
				CLANG_WARN_DEPRECATED_OBJC_IMPLEMENTATIONS = YES;
				CLANG_WARN_DIRECT_OBJC_ISA_USAGE = YES_ERROR;
				CLANG_WARN_DOCUMENTATION_COMMENTS = YES;
				CLANG_WARN_EMPTY_BODY = YES;
				CLANG_WARN_ENUM_CONVERSION = YES;
				CLANG_WARN_INFINITE_RECURSION = YES;
				CLANG_WARN_INT_CONVERSION = YES;
				CLANG_WARN_NON_LITERAL_NULL_CONVERSION = YES;
				CLANG_WARN_OBJC_IMPLICIT_RETAIN_SELF = YES;
				CLANG_WARN_OBJC_LITERAL_CONVERSION = YES;
				CLANG_WARN_OBJC_ROOT_CLASS = YES_ERROR;
				CLANG_WARN_QUOTED_INCLUDE_IN_FRAMEWORK_HEADER = YES;
				CLANG_WARN_RANGE_LOOP_ANALYSIS = YES;
				CLANG_WARN_STRICT_PROTOTYPES = YES;
				CLANG_WARN_SUSPICIOUS_MOVE = YES;
				CLANG_WARN_UNGUARDED_AVAILABILITY = YES_AGGRESSIVE;
				CLANG_WARN_UNREACHABLE_CODE = YES;
				CLANG_WARN__DUPLICATE_METHOD_MATCH = YES;
				COPY_PHASE_STRIP = NO;
				DEBUG_INFORMATION_FORMAT = "dwarf-with-dsym";
				ENABLE_NS_ASSERTIONS = NO;
				ENABLE_STRICT_OBJC_MSGSEND = YES;
				GCC_C_LANGUAGE_STANDARD = gnu11;
				GCC_NO_COMMON_BLOCKS = YES;
				GCC_WARN_64_TO_32_BIT_CONVERSION = YES;
				GCC_WARN_ABOUT_RETURN_TYPE = YES_ERROR;
				GCC_WARN_UNDECLARED_SELECTOR = YES;
				GCC_WARN_UNINITIALIZED_AUTOS = YES_AGGRESSIVE;
				GCC_WARN_UNUSED_FUNCTION = YES;
				GCC_WARN_UNUSED_VARIABLE = YES;
				IPHONEOS_DEPLOYMENT_TARGET = 16.4;
				MTL_ENABLE_DEBUG_INFO = NO;
				MTL_FAST_MATH = YES;
				SDKROOT = iphoneos;
				SWIFT_COMPILATION_MODE = wholemodule;
				SWIFT_OPTIMIZATION_LEVEL = "-O";
				VALIDATE_PRODUCT = YES;
			};
			name = Release;
		};
		90546A972AD0041500D7D35D /* Debug */ = {
			isa = XCBuildConfiguration;
			buildSettings = {
				ASSETCATALOG_COMPILER_APPICON_NAME = AppIcon;
				ASSETCATALOG_COMPILER_GLOBAL_ACCENT_COLOR_NAME = AccentColor;
				CODE_SIGN_STYLE = Automatic;
				CURRENT_PROJECT_VERSION = 1;
				DEVELOPMENT_TEAM = 7YG4RD83Q9;
				GENERATE_INFOPLIST_FILE = YES;
				INFOPLIST_FILE = HW4/Info.plist;
				INFOPLIST_KEY_UIApplicationSupportsIndirectInputEvents = YES;
				INFOPLIST_KEY_UILaunchStoryboardName = LaunchScreen;
				INFOPLIST_KEY_UIMainStoryboardFile = Main;
				INFOPLIST_KEY_UISupportedInterfaceOrientations_iPad = "UIInterfaceOrientationPortrait UIInterfaceOrientationPortraitUpsideDown UIInterfaceOrientationLandscapeLeft UIInterfaceOrientationLandscapeRight";
				INFOPLIST_KEY_UISupportedInterfaceOrientations_iPhone = "UIInterfaceOrientationPortrait UIInterfaceOrientationLandscapeLeft UIInterfaceOrientationLandscapeRight";
				LD_RUNPATH_SEARCH_PATHS = (
					"$(inherited)",
					"@executable_path/Frameworks",
				);
				MARKETING_VERSION = 1.0;
				PRODUCT_BUNDLE_IDENTIFIER = com.minseop.HW4;
				PRODUCT_NAME = "$(TARGET_NAME)";
				SWIFT_EMIT_LOC_STRINGS = YES;
				SWIFT_VERSION = 5.0;
				TARGETED_DEVICE_FAMILY = "1,2";
			};
			name = Debug;
		};
		90546A982AD0041500D7D35D /* Release */ = {
			isa = XCBuildConfiguration;
			buildSettings = {
				ASSETCATALOG_COMPILER_APPICON_NAME = AppIcon;
				ASSETCATALOG_COMPILER_GLOBAL_ACCENT_COLOR_NAME = AccentColor;
				CODE_SIGN_STYLE = Automatic;
				CURRENT_PROJECT_VERSION = 1;
				DEVELOPMENT_TEAM = 7YG4RD83Q9;
				GENERATE_INFOPLIST_FILE = YES;
				INFOPLIST_FILE = HW4/Info.plist;
				INFOPLIST_KEY_UIApplicationSupportsIndirectInputEvents = YES;
				INFOPLIST_KEY_UILaunchStoryboardName = LaunchScreen;
				INFOPLIST_KEY_UIMainStoryboardFile = Main;
				INFOPLIST_KEY_UISupportedInterfaceOrientations_iPad = "UIInterfaceOrientationPortrait UIInterfaceOrientationPortraitUpsideDown UIInterfaceOrientationLandscapeLeft UIInterfaceOrientationLandscapeRight";
				INFOPLIST_KEY_UISupportedInterfaceOrientations_iPhone = "UIInterfaceOrientationPortrait UIInterfaceOrientationLandscapeLeft UIInterfaceOrientationLandscapeRight";
				LD_RUNPATH_SEARCH_PATHS = (
					"$(inherited)",
					"@executable_path/Frameworks",
				);
				MARKETING_VERSION = 1.0;
				PRODUCT_BUNDLE_IDENTIFIER = com.minseop.HW4;
				PRODUCT_NAME = "$(TARGET_NAME)";
				SWIFT_EMIT_LOC_STRINGS = YES;
				SWIFT_VERSION = 5.0;
				TARGETED_DEVICE_FAMILY = "1,2";
			};
			name = Release;
		};
		90546A9A2AD0041500D7D35D /* Debug */ = {
			isa = XCBuildConfiguration;
			buildSettings = {
				ALWAYS_EMBED_SWIFT_STANDARD_LIBRARIES = YES;
				BUNDLE_LOADER = "$(TEST_HOST)";
				CODE_SIGN_STYLE = Automatic;
				CURRENT_PROJECT_VERSION = 1;
				DEVELOPMENT_TEAM = 7YG4RD83Q9;
				GENERATE_INFOPLIST_FILE = YES;
				IPHONEOS_DEPLOYMENT_TARGET = 16.4;
				MARKETING_VERSION = 1.0;
				PRODUCT_BUNDLE_IDENTIFIER = com.minseop.HW4Tests;
				PRODUCT_NAME = "$(TARGET_NAME)";
				SWIFT_EMIT_LOC_STRINGS = NO;
				SWIFT_VERSION = 5.0;
				TARGETED_DEVICE_FAMILY = "1,2";
				TEST_HOST = "$(BUILT_PRODUCTS_DIR)/HW4.app/$(BUNDLE_EXECUTABLE_FOLDER_PATH)/HW4";
			};
			name = Debug;
		};
		90546A9B2AD0041500D7D35D /* Release */ = {
			isa = XCBuildConfiguration;
			buildSettings = {
				ALWAYS_EMBED_SWIFT_STANDARD_LIBRARIES = YES;
				BUNDLE_LOADER = "$(TEST_HOST)";
				CODE_SIGN_STYLE = Automatic;
				CURRENT_PROJECT_VERSION = 1;
				DEVELOPMENT_TEAM = 7YG4RD83Q9;
				GENERATE_INFOPLIST_FILE = YES;
				IPHONEOS_DEPLOYMENT_TARGET = 16.4;
				MARKETING_VERSION = 1.0;
				PRODUCT_BUNDLE_IDENTIFIER = com.minseop.HW4Tests;
				PRODUCT_NAME = "$(TARGET_NAME)";
				SWIFT_EMIT_LOC_STRINGS = NO;
				SWIFT_VERSION = 5.0;
				TARGETED_DEVICE_FAMILY = "1,2";
				TEST_HOST = "$(BUILT_PRODUCTS_DIR)/HW4.app/$(BUNDLE_EXECUTABLE_FOLDER_PATH)/HW4";
			};
			name = Release;
		};
		90546A9D2AD0041500D7D35D /* Debug */ = {
			isa = XCBuildConfiguration;
			buildSettings = {
				ALWAYS_EMBED_SWIFT_STANDARD_LIBRARIES = YES;
				CODE_SIGN_STYLE = Automatic;
				CURRENT_PROJECT_VERSION = 1;
				DEVELOPMENT_TEAM = 7YG4RD83Q9;
				GENERATE_INFOPLIST_FILE = YES;
				MARKETING_VERSION = 1.0;
				PRODUCT_BUNDLE_IDENTIFIER = com.minseop.HW4UITests;
				PRODUCT_NAME = "$(TARGET_NAME)";
				SWIFT_EMIT_LOC_STRINGS = NO;
				SWIFT_VERSION = 5.0;
				TARGETED_DEVICE_FAMILY = "1,2";
				TEST_TARGET_NAME = HW4;
			};
			name = Debug;
		};
		90546A9E2AD0041500D7D35D /* Release */ = {
			isa = XCBuildConfiguration;
			buildSettings = {
				ALWAYS_EMBED_SWIFT_STANDARD_LIBRARIES = YES;
				CODE_SIGN_STYLE = Automatic;
				CURRENT_PROJECT_VERSION = 1;
				DEVELOPMENT_TEAM = 7YG4RD83Q9;
				GENERATE_INFOPLIST_FILE = YES;
				MARKETING_VERSION = 1.0;
				PRODUCT_BUNDLE_IDENTIFIER = com.minseop.HW4UITests;
				PRODUCT_NAME = "$(TARGET_NAME)";
				SWIFT_EMIT_LOC_STRINGS = NO;
				SWIFT_VERSION = 5.0;
				TARGETED_DEVICE_FAMILY = "1,2";
				TEST_TARGET_NAME = HW4;
			};
			name = Release;
		};
/* End XCBuildConfiguration section */

/* Begin XCConfigurationList section */
		90546A672AD0041300D7D35D /* Build configuration list for PBXProject "HW4" */ = {
			isa = XCConfigurationList;
			buildConfigurations = (
				90546A942AD0041500D7D35D /* Debug */,
				90546A952AD0041500D7D35D /* Release */,
			);
			defaultConfigurationIsVisible = 0;
			defaultConfigurationName = Release;
		};
		90546A962AD0041500D7D35D /* Build configuration list for PBXNativeTarget "HW4" */ = {
			isa = XCConfigurationList;
			buildConfigurations = (
				90546A972AD0041500D7D35D /* Debug */,
				90546A982AD0041500D7D35D /* Release */,
			);
			defaultConfigurationIsVisible = 0;
			defaultConfigurationName = Release;
		};
		90546A992AD0041500D7D35D /* Build configuration list for PBXNativeTarget "HW4Tests" */ = {
			isa = XCConfigurationList;
			buildConfigurations = (
				90546A9A2AD0041500D7D35D /* Debug */,
				90546A9B2AD0041500D7D35D /* Release */,
			);
			defaultConfigurationIsVisible = 0;
			defaultConfigurationName = Release;
		};
		90546A9C2AD0041500D7D35D /* Build configuration list for PBXNativeTarget "HW4UITests" */ = {
			isa = XCConfigurationList;
			buildConfigurations = (
				90546A9D2AD0041500D7D35D /* Debug */,
				90546A9E2AD0041500D7D35D /* Release */,
			);
			defaultConfigurationIsVisible = 0;
			defaultConfigurationName = Release;
		};
/* End XCConfigurationList section */

/* Begin XCRemoteSwiftPackageReference section */
		90B2A3D02AFC7095008B1C1A /* XCRemoteSwiftPackageReference "realm-swift" */ = {
			isa = XCRemoteSwiftPackageReference;
			repositoryURL = "https://github.com/realm/realm-swift.git";
			requirement = {
				branch = master;
				kind = branch;
			};
		};
/* End XCRemoteSwiftPackageReference section */

/* Begin XCSwiftPackageProductDependency section */
		90B2A3D12AFC7095008B1C1A /* Realm */ = {
			isa = XCSwiftPackageProductDependency;
			package = 90B2A3D02AFC7095008B1C1A /* XCRemoteSwiftPackageReference "realm-swift" */;
			productName = Realm;
		};
		90B2A3D32AFC7095008B1C1A /* RealmSwift */ = {
			isa = XCSwiftPackageProductDependency;
			package = 90B2A3D02AFC7095008B1C1A /* XCRemoteSwiftPackageReference "realm-swift" */;
			productName = RealmSwift;
		};
/* End XCSwiftPackageProductDependency section */
	};
	rootObject = 90546A642AD0041300D7D35D /* Project object */;
}
