// !$*UTF8*$!
{
	archiveVersion = 1;
	classes = {
	};
	objectVersion = 56;
	objects = {

/* Begin PBXBuildFile section */
		90546AFB2AECD4E500D7D35D /* AppDelegate.swift in Sources */ = {isa = PBXBuildFile; fileRef = 90546AFA2AECD4E500D7D35D /* AppDelegate.swift */; };
		90546AFD2AECD4E500D7D35D /* SceneDelegate.swift in Sources */ = {isa = PBXBuildFile; fileRef = 90546AFC2AECD4E500D7D35D /* SceneDelegate.swift */; };
		90546AFF2AECD4E500D7D35D /* ViewController.swift in Sources */ = {isa = PBXBuildFile; fileRef = 90546AFE2AECD4E500D7D35D /* ViewController.swift */; };
		90546B022AECD4E500D7D35D /* Main.storyboard in Resources */ = {isa = PBXBuildFile; fileRef = 90546B002AECD4E500D7D35D /* Main.storyboard */; };
		90546B042AECD4E600D7D35D /* Assets.xcassets in Resources */ = {isa = PBXBuildFile; fileRef = 90546B032AECD4E600D7D35D /* Assets.xcassets */; };
		90546B072AECD4E600D7D35D /* LaunchScreen.storyboard in Resources */ = {isa = PBXBuildFile; fileRef = 90546B052AECD4E600D7D35D /* LaunchScreen.storyboard */; };
		90546B122AECD4E600D7D35D /* MVC_PatternTests.swift in Sources */ = {isa = PBXBuildFile; fileRef = 90546B112AECD4E600D7D35D /* MVC_PatternTests.swift */; };
		90546B1C2AECD4E600D7D35D /* MVC_PatternUITests.swift in Sources */ = {isa = PBXBuildFile; fileRef = 90546B1B2AECD4E600D7D35D /* MVC_PatternUITests.swift */; };
		90546B1E2AECD4E600D7D35D /* MVC_PatternUITestsLaunchTests.swift in Sources */ = {isa = PBXBuildFile; fileRef = 90546B1D2AECD4E600D7D35D /* MVC_PatternUITestsLaunchTests.swift */; };
		90546B2E2AECD74D00D7D35D /* MemoFormViewController.swift in Sources */ = {isa = PBXBuildFile; fileRef = 90546B2D2AECD74D00D7D35D /* MemoFormViewController.swift */; };
		90546B302AECD76B00D7D35D /* MemoListViewController.swift in Sources */ = {isa = PBXBuildFile; fileRef = 90546B2F2AECD76B00D7D35D /* MemoListViewController.swift */; };
		90546B322AECD7A100D7D35D /* StyledButton.swift in Sources */ = {isa = PBXBuildFile; fileRef = 90546B312AECD7A100D7D35D /* StyledButton.swift */; };
/* End PBXBuildFile section */

/* Begin PBXContainerItemProxy section */
		90546B0E2AECD4E600D7D35D /* PBXContainerItemProxy */ = {
			isa = PBXContainerItemProxy;
			containerPortal = 90546AEF2AECD4E500D7D35D /* Project object */;
			proxyType = 1;
			remoteGlobalIDString = 90546AF62AECD4E500D7D35D;
			remoteInfo = MVC_Pattern;
		};
		90546B182AECD4E600D7D35D /* PBXContainerItemProxy */ = {
			isa = PBXContainerItemProxy;
			containerPortal = 90546AEF2AECD4E500D7D35D /* Project object */;
			proxyType = 1;
			remoteGlobalIDString = 90546AF62AECD4E500D7D35D;
			remoteInfo = MVC_Pattern;
		};
/* End PBXContainerItemProxy section */

/* Begin PBXFileReference section */
		90546AF72AECD4E500D7D35D /* MVC_Pattern.app */ = {isa = PBXFileReference; explicitFileType = wrapper.application; includeInIndex = 0; path = MVC_Pattern.app; sourceTree = BUILT_PRODUCTS_DIR; };
		90546AFA2AECD4E500D7D35D /* AppDelegate.swift */ = {isa = PBXFileReference; lastKnownFileType = sourcecode.swift; path = AppDelegate.swift; sourceTree = "<group>"; };
		90546AFC2AECD4E500D7D35D /* SceneDelegate.swift */ = {isa = PBXFileReference; lastKnownFileType = sourcecode.swift; path = SceneDelegate.swift; sourceTree = "<group>"; };
		90546AFE2AECD4E500D7D35D /* ViewController.swift */ = {isa = PBXFileReference; lastKnownFileType = sourcecode.swift; path = ViewController.swift; sourceTree = "<group>"; };
		90546B012AECD4E500D7D35D /* Base */ = {isa = PBXFileReference; lastKnownFileType = file.storyboard; name = Base; path = Base.lproj/Main.storyboard; sourceTree = "<group>"; };
		90546B032AECD4E600D7D35D /* Assets.xcassets */ = {isa = PBXFileReference; lastKnownFileType = folder.assetcatalog; path = Assets.xcassets; sourceTree = "<group>"; };
		90546B062AECD4E600D7D35D /* Base */ = {isa = PBXFileReference; lastKnownFileType = file.storyboard; name = Base; path = Base.lproj/LaunchScreen.storyboard; sourceTree = "<group>"; };
		90546B082AECD4E600D7D35D /* Info.plist */ = {isa = PBXFileReference; lastKnownFileType = text.plist.xml; path = Info.plist; sourceTree = "<group>"; };
		90546B0D2AECD4E600D7D35D /* MVC_PatternTests.xctest */ = {isa = PBXFileReference; explicitFileType = wrapper.cfbundle; includeInIndex = 0; path = MVC_PatternTests.xctest; sourceTree = BUILT_PRODUCTS_DIR; };
		90546B112AECD4E600D7D35D /* MVC_PatternTests.swift */ = {isa = PBXFileReference; lastKnownFileType = sourcecode.swift; path = MVC_PatternTests.swift; sourceTree = "<group>"; };
		90546B172AECD4E600D7D35D /* MVC_PatternUITests.xctest */ = {isa = PBXFileReference; explicitFileType = wrapper.cfbundle; includeInIndex = 0; path = MVC_PatternUITests.xctest; sourceTree = BUILT_PRODUCTS_DIR; };
		90546B1B2AECD4E600D7D35D /* MVC_PatternUITests.swift */ = {isa = PBXFileReference; lastKnownFileType = sourcecode.swift; path = MVC_PatternUITests.swift; sourceTree = "<group>"; };
		90546B1D2AECD4E600D7D35D /* MVC_PatternUITestsLaunchTests.swift */ = {isa = PBXFileReference; lastKnownFileType = sourcecode.swift; path = MVC_PatternUITestsLaunchTests.swift; sourceTree = "<group>"; };
		90546B2D2AECD74D00D7D35D /* MemoFormViewController.swift */ = {isa = PBXFileReference; lastKnownFileType = sourcecode.swift; path = MemoFormViewController.swift; sourceTree = "<group>"; };
		90546B2F2AECD76B00D7D35D /* MemoListViewController.swift */ = {isa = PBXFileReference; lastKnownFileType = sourcecode.swift; path = MemoListViewController.swift; sourceTree = "<group>"; };
		90546B312AECD7A100D7D35D /* StyledButton.swift */ = {isa = PBXFileReference; lastKnownFileType = sourcecode.swift; path = StyledButton.swift; sourceTree = "<group>"; };
/* End PBXFileReference section */

/* Begin PBXFrameworksBuildPhase section */
		90546AF42AECD4E500D7D35D /* Frameworks */ = {
			isa = PBXFrameworksBuildPhase;
			buildActionMask = 2147483647;
			files = (
			);
			runOnlyForDeploymentPostprocessing = 0;
		};
		90546B0A2AECD4E600D7D35D /* Frameworks */ = {
			isa = PBXFrameworksBuildPhase;
			buildActionMask = 2147483647;
			files = (
			);
			runOnlyForDeploymentPostprocessing = 0;
		};
		90546B142AECD4E600D7D35D /* Frameworks */ = {
			isa = PBXFrameworksBuildPhase;
			buildActionMask = 2147483647;
			files = (
			);
			runOnlyForDeploymentPostprocessing = 0;
		};
/* End PBXFrameworksBuildPhase section */

/* Begin PBXGroup section */
		90546AEE2AECD4E500D7D35D = {
			isa = PBXGroup;
			children = (
				90546AF92AECD4E500D7D35D /* MVC_Pattern */,
				90546B102AECD4E600D7D35D /* MVC_PatternTests */,
				90546B1A2AECD4E600D7D35D /* MVC_PatternUITests */,
				90546AF82AECD4E500D7D35D /* Products */,
			);
			sourceTree = "<group>";
		};
		90546AF82AECD4E500D7D35D /* Products */ = {
			isa = PBXGroup;
			children = (
				90546AF72AECD4E500D7D35D /* MVC_Pattern.app */,
				90546B0D2AECD4E600D7D35D /* MVC_PatternTests.xctest */,
				90546B172AECD4E600D7D35D /* MVC_PatternUITests.xctest */,
			);
			name = Products;
			sourceTree = "<group>";
		};
		90546AF92AECD4E500D7D35D /* MVC_Pattern */ = {
			isa = PBXGroup;
			children = (
				90546B2A2AECD70800D7D35D /* Model */,
				90546B2B2AECD70D00D7D35D /* View */,
				90546B2C2AECD71500D7D35D /* Controller */,
				90546AFC2AECD4E500D7D35D /* SceneDelegate.swift */,
				90546AFA2AECD4E500D7D35D /* AppDelegate.swift */,
				90546AFE2AECD4E500D7D35D /* ViewController.swift */,
				90546B002AECD4E500D7D35D /* Main.storyboard */,
				90546B032AECD4E600D7D35D /* Assets.xcassets */,
				90546B052AECD4E600D7D35D /* LaunchScreen.storyboard */,
				90546B082AECD4E600D7D35D /* Info.plist */,
			);
			path = MVC_Pattern;
			sourceTree = "<group>";
		};
		90546B102AECD4E600D7D35D /* MVC_PatternTests */ = {
			isa = PBXGroup;
			children = (
				90546B112AECD4E600D7D35D /* MVC_PatternTests.swift */,
			);
			path = MVC_PatternTests;
			sourceTree = "<group>";
		};
		90546B1A2AECD4E600D7D35D /* MVC_PatternUITests */ = {
			isa = PBXGroup;
			children = (
				90546B1B2AECD4E600D7D35D /* MVC_PatternUITests.swift */,
				90546B1D2AECD4E600D7D35D /* MVC_PatternUITestsLaunchTests.swift */,
			);
			path = MVC_PatternUITests;
			sourceTree = "<group>";
		};
		90546B2A2AECD70800D7D35D /* Model */ = {
			isa = PBXGroup;
			children = (
			);
			path = Model;
			sourceTree = "<group>";
		};
		90546B2B2AECD70D00D7D35D /* View */ = {
			isa = PBXGroup;
			children = (
				90546B312AECD7A100D7D35D /* StyledButton.swift */,
			);
			path = View;
			sourceTree = "<group>";
		};
		90546B2C2AECD71500D7D35D /* Controller */ = {
			isa = PBXGroup;
			children = (
				90546B2D2AECD74D00D7D35D /* MemoFormViewController.swift */,
				90546B2F2AECD76B00D7D35D /* MemoListViewController.swift */,
			);
			path = Controller;
			sourceTree = "<group>";
		};
/* End PBXGroup section */

/* Begin PBXNativeTarget section */
		90546AF62AECD4E500D7D35D /* MVC_Pattern */ = {
			isa = PBXNativeTarget;
			buildConfigurationList = 90546B212AECD4E600D7D35D /* Build configuration list for PBXNativeTarget "MVC_Pattern" */;
			buildPhases = (
				90546AF32AECD4E500D7D35D /* Sources */,
				90546AF42AECD4E500D7D35D /* Frameworks */,
				90546AF52AECD4E500D7D35D /* Resources */,
			);
			buildRules = (
			);
			dependencies = (
			);
			name = MVC_Pattern;
			productName = MVC_Pattern;
			productReference = 90546AF72AECD4E500D7D35D /* MVC_Pattern.app */;
			productType = "com.apple.product-type.application";
		};
		90546B0C2AECD4E600D7D35D /* MVC_PatternTests */ = {
			isa = PBXNativeTarget;
			buildConfigurationList = 90546B242AECD4E600D7D35D /* Build configuration list for PBXNativeTarget "MVC_PatternTests" */;
			buildPhases = (
				90546B092AECD4E600D7D35D /* Sources */,
				90546B0A2AECD4E600D7D35D /* Frameworks */,
				90546B0B2AECD4E600D7D35D /* Resources */,
			);
			buildRules = (
			);
			dependencies = (
				90546B0F2AECD4E600D7D35D /* PBXTargetDependency */,
			);
			name = MVC_PatternTests;
			productName = MVC_PatternTests;
			productReference = 90546B0D2AECD4E600D7D35D /* MVC_PatternTests.xctest */;
			productType = "com.apple.product-type.bundle.unit-test";
		};
		90546B162AECD4E600D7D35D /* MVC_PatternUITests */ = {
			isa = PBXNativeTarget;
			buildConfigurationList = 90546B272AECD4E600D7D35D /* Build configuration list for PBXNativeTarget "MVC_PatternUITests" */;
			buildPhases = (
				90546B132AECD4E600D7D35D /* Sources */,
				90546B142AECD4E600D7D35D /* Frameworks */,
				90546B152AECD4E600D7D35D /* Resources */,
			);
			buildRules = (
			);
			dependencies = (
				90546B192AECD4E600D7D35D /* PBXTargetDependency */,
			);
			name = MVC_PatternUITests;
			productName = MVC_PatternUITests;
			productReference = 90546B172AECD4E600D7D35D /* MVC_PatternUITests.xctest */;
			productType = "com.apple.product-type.bundle.ui-testing";
		};
/* End PBXNativeTarget section */

/* Begin PBXProject section */
		90546AEF2AECD4E500D7D35D /* Project object */ = {
			isa = PBXProject;
			attributes = {
				BuildIndependentTargetsInParallel = 1;
				LastSwiftUpdateCheck = 1430;
				LastUpgradeCheck = 1430;
				TargetAttributes = {
					90546AF62AECD4E500D7D35D = {
						CreatedOnToolsVersion = 14.3.1;
					};
					90546B0C2AECD4E600D7D35D = {
						CreatedOnToolsVersion = 14.3.1;
						TestTargetID = 90546AF62AECD4E500D7D35D;
					};
					90546B162AECD4E600D7D35D = {
						CreatedOnToolsVersion = 14.3.1;
						TestTargetID = 90546AF62AECD4E500D7D35D;
					};
				};
			};
			buildConfigurationList = 90546AF22AECD4E500D7D35D /* Build configuration list for PBXProject "MVC_Pattern" */;
			compatibilityVersion = "Xcode 14.0";
			developmentRegion = en;
			hasScannedForEncodings = 0;
			knownRegions = (
				en,
				Base,
			);
			mainGroup = 90546AEE2AECD4E500D7D35D;
			productRefGroup = 90546AF82AECD4E500D7D35D /* Products */;
			projectDirPath = "";
			projectRoot = "";
			targets = (
				90546AF62AECD4E500D7D35D /* MVC_Pattern */,
				90546B0C2AECD4E600D7D35D /* MVC_PatternTests */,
				90546B162AECD4E600D7D35D /* MVC_PatternUITests */,
			);
		};
/* End PBXProject section */

/* Begin PBXResourcesBuildPhase section */
		90546AF52AECD4E500D7D35D /* Resources */ = {
			isa = PBXResourcesBuildPhase;
			buildActionMask = 2147483647;
			files = (
				90546B072AECD4E600D7D35D /* LaunchScreen.storyboard in Resources */,
				90546B042AECD4E600D7D35D /* Assets.xcassets in Resources */,
				90546B022AECD4E500D7D35D /* Main.storyboard in Resources */,
			);
			runOnlyForDeploymentPostprocessing = 0;
		};
		90546B0B2AECD4E600D7D35D /* Resources */ = {
			isa = PBXResourcesBuildPhase;
			buildActionMask = 2147483647;
			files = (
			);
			runOnlyForDeploymentPostprocessing = 0;
		};
		90546B152AECD4E600D7D35D /* Resources */ = {
			isa = PBXResourcesBuildPhase;
			buildActionMask = 2147483647;
			files = (
			);
			runOnlyForDeploymentPostprocessing = 0;
		};
/* End PBXResourcesBuildPhase section */

/* Begin PBXSourcesBuildPhase section */
		90546AF32AECD4E500D7D35D /* Sources */ = {
			isa = PBXSourcesBuildPhase;
			buildActionMask = 2147483647;
			files = (
				90546B322AECD7A100D7D35D /* StyledButton.swift in Sources */,
				90546B2E2AECD74D00D7D35D /* MemoFormViewController.swift in Sources */,
				90546B302AECD76B00D7D35D /* MemoListViewController.swift in Sources */,
				90546AFF2AECD4E500D7D35D /* ViewController.swift in Sources */,
				90546AFB2AECD4E500D7D35D /* AppDelegate.swift in Sources */,
				90546AFD2AECD4E500D7D35D /* SceneDelegate.swift in Sources */,
			);
			runOnlyForDeploymentPostprocessing = 0;
		};
		90546B092AECD4E600D7D35D /* Sources */ = {
			isa = PBXSourcesBuildPhase;
			buildActionMask = 2147483647;
			files = (
				90546B122AECD4E600D7D35D /* MVC_PatternTests.swift in Sources */,
			);
			runOnlyForDeploymentPostprocessing = 0;
		};
		90546B132AECD4E600D7D35D /* Sources */ = {
			isa = PBXSourcesBuildPhase;
			buildActionMask = 2147483647;
			files = (
				90546B1E2AECD4E600D7D35D /* MVC_PatternUITestsLaunchTests.swift in Sources */,
				90546B1C2AECD4E600D7D35D /* MVC_PatternUITests.swift in Sources */,
			);
			runOnlyForDeploymentPostprocessing = 0;
		};
/* End PBXSourcesBuildPhase section */

/* Begin PBXTargetDependency section */
		90546B0F2AECD4E600D7D35D /* PBXTargetDependency */ = {
			isa = PBXTargetDependency;
			target = 90546AF62AECD4E500D7D35D /* MVC_Pattern */;
			targetProxy = 90546B0E2AECD4E600D7D35D /* PBXContainerItemProxy */;
		};
		90546B192AECD4E600D7D35D /* PBXTargetDependency */ = {
			isa = PBXTargetDependency;
			target = 90546AF62AECD4E500D7D35D /* MVC_Pattern */;
			targetProxy = 90546B182AECD4E600D7D35D /* PBXContainerItemProxy */;
		};
/* End PBXTargetDependency section */

/* Begin PBXVariantGroup section */
		90546B002AECD4E500D7D35D /* Main.storyboard */ = {
			isa = PBXVariantGroup;
			children = (
				90546B012AECD4E500D7D35D /* Base */,
			);
			name = Main.storyboard;
			sourceTree = "<group>";
		};
		90546B052AECD4E600D7D35D /* LaunchScreen.storyboard */ = {
			isa = PBXVariantGroup;
			children = (
				90546B062AECD4E600D7D35D /* Base */,
			);
			name = LaunchScreen.storyboard;
			sourceTree = "<group>";
		};
/* End PBXVariantGroup section */

/* Begin XCBuildConfiguration section */
		90546B1F2AECD4E600D7D35D /* Debug */ = {
			isa = XCBuildConfiguration;
			buildSettings = {
				ALWAYS_SEARCH_USER_PATHS = NO;
				CLANG_ANALYZER_NONNULL = YES;
				CLANG_ANALYZER_NUMBER_OBJECT_CONVERSION = YES_AGGRESSIVE;
				CLANG_CXX_LANGUAGE_STANDARD = "gnu++20";
				CLANG_ENABLE_MODULES = YES;
				CLANG_ENABLE_OBJC_ARC = YES;
				CLANG_ENABLE_OBJC_WEAK = YES;
				CLANG_WARN_BLOCK_CAPTURE_AUTORELEASING = YES;
				CLANG_WARN_BOOL_CONVERSION = YES;
				CLANG_WARN_COMMA = YES;
				CLANG_WARN_CONSTANT_CONVERSION = YES;
				CLANG_WARN_DEPRECATED_OBJC_IMPLEMENTATIONS = YES;
				CLANG_WARN_DIRECT_OBJC_ISA_USAGE = YES_ERROR;
				CLANG_WARN_DOCUMENTATION_COMMENTS = YES;
				CLANG_WARN_EMPTY_BODY = YES;
				CLANG_WARN_ENUM_CONVERSION = YES;
				CLANG_WARN_INFINITE_RECURSION = YES;
				CLANG_WARN_INT_CONVERSION = YES;
				CLANG_WARN_NON_LITERAL_NULL_CONVERSION = YES;
				CLANG_WARN_OBJC_IMPLICIT_RETAIN_SELF = YES;
				CLANG_WARN_OBJC_LITERAL_CONVERSION = YES;
				CLANG_WARN_OBJC_ROOT_CLASS = YES_ERROR;
				CLANG_WARN_QUOTED_INCLUDE_IN_FRAMEWORK_HEADER = YES;
				CLANG_WARN_RANGE_LOOP_ANALYSIS = YES;
				CLANG_WARN_STRICT_PROTOTYPES = YES;
				CLANG_WARN_SUSPICIOUS_MOVE = YES;
				CLANG_WARN_UNGUARDED_AVAILABILITY = YES_AGGRESSIVE;
				CLANG_WARN_UNREACHABLE_CODE = YES;
				CLANG_WARN__DUPLICATE_METHOD_MATCH = YES;
				COPY_PHASE_STRIP = NO;
				DEBUG_INFORMATION_FORMAT = dwarf;
				ENABLE_STRICT_OBJC_MSGSEND = YES;
				ENABLE_TESTABILITY = YES;
				GCC_C_LANGUAGE_STANDARD = gnu11;
				GCC_DYNAMIC_NO_PIC = NO;
				GCC_NO_COMMON_BLOCKS = YES;
				GCC_OPTIMIZATION_LEVEL = 0;
				GCC_PREPROCESSOR_DEFINITIONS = (
					"DEBUG=1",
					"$(inherited)",
				);
				GCC_WARN_64_TO_32_BIT_CONVERSION = YES;
				GCC_WARN_ABOUT_RETURN_TYPE = YES_ERROR;
				GCC_WARN_UNDECLARED_SELECTOR = YES;
				GCC_WARN_UNINITIALIZED_AUTOS = YES_AGGRESSIVE;
				GCC_WARN_UNUSED_FUNCTION = YES;
				GCC_WARN_UNUSED_VARIABLE = YES;
				IPHONEOS_DEPLOYMENT_TARGET = 16.4;
				MTL_ENABLE_DEBUG_INFO = INCLUDE_SOURCE;
				MTL_FAST_MATH = YES;
				ONLY_ACTIVE_ARCH = YES;
				SDKROOT = iphoneos;
				SWIFT_ACTIVE_COMPILATION_CONDITIONS = DEBUG;
				SWIFT_OPTIMIZATION_LEVEL = "-Onone";
			};
			name = Debug;
		};
		90546B202AECD4E600D7D35D /* Release */ = {
			isa = XCBuildConfiguration;
			buildSettings = {
				ALWAYS_SEARCH_USER_PATHS = NO;
				CLANG_ANALYZER_NONNULL = YES;
				CLANG_ANALYZER_NUMBER_OBJECT_CONVERSION = YES_AGGRESSIVE;
				CLANG_CXX_LANGUAGE_STANDARD = "gnu++20";
				CLANG_ENABLE_MODULES = YES;
				CLANG_ENABLE_OBJC_ARC = YES;
				CLANG_ENABLE_OBJC_WEAK = YES;
				CLANG_WARN_BLOCK_CAPTURE_AUTORELEASING = YES;
				CLANG_WARN_BOOL_CONVERSION = YES;
				CLANG_WARN_COMMA = YES;
				CLANG_WARN_CONSTANT_CONVERSION = YES;
				CLANG_WARN_DEPRECATED_OBJC_IMPLEMENTATIONS = YES;
				CLANG_WARN_DIRECT_OBJC_ISA_USAGE = YES_ERROR;
				CLANG_WARN_DOCUMENTATION_COMMENTS = YES;
				CLANG_WARN_EMPTY_BODY = YES;
				CLANG_WARN_ENUM_CONVERSION = YES;
				CLANG_WARN_INFINITE_RECURSION = YES;
				CLANG_WARN_INT_CONVERSION = YES;
				CLANG_WARN_NON_LITERAL_NULL_CONVERSION = YES;
				CLANG_WARN_OBJC_IMPLICIT_RETAIN_SELF = YES;
				CLANG_WARN_OBJC_LITERAL_CONVERSION = YES;
				CLANG_WARN_OBJC_ROOT_CLASS = YES_ERROR;
				CLANG_WARN_QUOTED_INCLUDE_IN_FRAMEWORK_HEADER = YES;
				CLANG_WARN_RANGE_LOOP_ANALYSIS = YES;
				CLANG_WARN_STRICT_PROTOTYPES = YES;
				CLANG_WARN_SUSPICIOUS_MOVE = YES;
				CLANG_WARN_UNGUARDED_AVAILABILITY = YES_AGGRESSIVE;
				CLANG_WARN_UNREACHABLE_CODE = YES;
				CLANG_WARN__DUPLICATE_METHOD_MATCH = YES;
				COPY_PHASE_STRIP = NO;
				DEBUG_INFORMATION_FORMAT = "dwarf-with-dsym";
				ENABLE_NS_ASSERTIONS = NO;
				ENABLE_STRICT_OBJC_MSGSEND = YES;
				GCC_C_LANGUAGE_STANDARD = gnu11;
				GCC_NO_COMMON_BLOCKS = YES;
				GCC_WARN_64_TO_32_BIT_CONVERSION = YES;
				GCC_WARN_ABOUT_RETURN_TYPE = YES_ERROR;
				GCC_WARN_UNDECLARED_SELECTOR = YES;
				GCC_WARN_UNINITIALIZED_AUTOS = YES_AGGRESSIVE;
				GCC_WARN_UNUSED_FUNCTION = YES;
				GCC_WARN_UNUSED_VARIABLE = YES;
				IPHONEOS_DEPLOYMENT_TARGET = 16.4;
				MTL_ENABLE_DEBUG_INFO = NO;
				MTL_FAST_MATH = YES;
				SDKROOT = iphoneos;
				SWIFT_COMPILATION_MODE = wholemodule;
				SWIFT_OPTIMIZATION_LEVEL = "-O";
				VALIDATE_PRODUCT = YES;
			};
			name = Release;
		};
		90546B222AECD4E600D7D35D /* Debug */ = {
			isa = XCBuildConfiguration;
			buildSettings = {
				ASSETCATALOG_COMPILER_APPICON_NAME = AppIcon;
				ASSETCATALOG_COMPILER_GLOBAL_ACCENT_COLOR_NAME = AccentColor;
				CODE_SIGN_STYLE = Automatic;
				CURRENT_PROJECT_VERSION = 1;
				DEVELOPMENT_TEAM = 7YG4RD83Q9;
				GENERATE_INFOPLIST_FILE = YES;
				INFOPLIST_FILE = MVC_Pattern/Info.plist;
				INFOPLIST_KEY_UIApplicationSupportsIndirectInputEvents = YES;
				INFOPLIST_KEY_UILaunchStoryboardName = LaunchScreen;
				INFOPLIST_KEY_UIMainStoryboardFile = Main;
				INFOPLIST_KEY_UISupportedInterfaceOrientations_iPad = "UIInterfaceOrientationPortrait UIInterfaceOrientationPortraitUpsideDown UIInterfaceOrientationLandscapeLeft UIInterfaceOrientationLandscapeRight";
				INFOPLIST_KEY_UISupportedInterfaceOrientations_iPhone = "UIInterfaceOrientationPortrait UIInterfaceOrientationLandscapeLeft UIInterfaceOrientationLandscapeRight";
				LD_RUNPATH_SEARCH_PATHS = (
					"$(inherited)",
					"@executable_path/Frameworks",
				);
				MARKETING_VERSION = 1.0;
				PRODUCT_BUNDLE_IDENTIFIER = "com.minseop.MVC-Pattern";
				PRODUCT_NAME = "$(TARGET_NAME)";
				SWIFT_EMIT_LOC_STRINGS = YES;
				SWIFT_VERSION = 5.0;
				TARGETED_DEVICE_FAMILY = "1,2";
			};
			name = Debug;
		};
		90546B232AECD4E600D7D35D /* Release */ = {
			isa = XCBuildConfiguration;
			buildSettings = {
				ASSETCATALOG_COMPILER_APPICON_NAME = AppIcon;
				ASSETCATALOG_COMPILER_GLOBAL_ACCENT_COLOR_NAME = AccentColor;
				CODE_SIGN_STYLE = Automatic;
				CURRENT_PROJECT_VERSION = 1;
				DEVELOPMENT_TEAM = 7YG4RD83Q9;
				GENERATE_INFOPLIST_FILE = YES;
				INFOPLIST_FILE = MVC_Pattern/Info.plist;
				INFOPLIST_KEY_UIApplicationSupportsIndirectInputEvents = YES;
				INFOPLIST_KEY_UILaunchStoryboardName = LaunchScreen;
				INFOPLIST_KEY_UIMainStoryboardFile = Main;
				INFOPLIST_KEY_UISupportedInterfaceOrientations_iPad = "UIInterfaceOrientationPortrait UIInterfaceOrientationPortraitUpsideDown UIInterfaceOrientationLandscapeLeft UIInterfaceOrientationLandscapeRight";
				INFOPLIST_KEY_UISupportedInterfaceOrientations_iPhone = "UIInterfaceOrientationPortrait UIInterfaceOrientationLandscapeLeft UIInterfaceOrientationLandscapeRight";
				LD_RUNPATH_SEARCH_PATHS = (
					"$(inherited)",
					"@executable_path/Frameworks",
				);
				MARKETING_VERSION = 1.0;
				PRODUCT_BUNDLE_IDENTIFIER = "com.minseop.MVC-Pattern";
				PRODUCT_NAME = "$(TARGET_NAME)";
				SWIFT_EMIT_LOC_STRINGS = YES;
				SWIFT_VERSION = 5.0;
				TARGETED_DEVICE_FAMILY = "1,2";
			};
			name = Release;
		};
		90546B252AECD4E600D7D35D /* Debug */ = {
			isa = XCBuildConfiguration;
			buildSettings = {
				ALWAYS_EMBED_SWIFT_STANDARD_LIBRARIES = YES;
				BUNDLE_LOADER = "$(TEST_HOST)";
				CODE_SIGN_STYLE = Automatic;
				CURRENT_PROJECT_VERSION = 1;
				DEVELOPMENT_TEAM = 7YG4RD83Q9;
				GENERATE_INFOPLIST_FILE = YES;
				IPHONEOS_DEPLOYMENT_TARGET = 16.4;
				MARKETING_VERSION = 1.0;
				PRODUCT_BUNDLE_IDENTIFIER = "com.minseop.MVC-PatternTests";
				PRODUCT_NAME = "$(TARGET_NAME)";
				SWIFT_EMIT_LOC_STRINGS = NO;
				SWIFT_VERSION = 5.0;
				TARGETED_DEVICE_FAMILY = "1,2";
				TEST_HOST = "$(BUILT_PRODUCTS_DIR)/MVC_Pattern.app/$(BUNDLE_EXECUTABLE_FOLDER_PATH)/MVC_Pattern";
			};
			name = Debug;
		};
		90546B262AECD4E600D7D35D /* Release */ = {
			isa = XCBuildConfiguration;
			buildSettings = {
				ALWAYS_EMBED_SWIFT_STANDARD_LIBRARIES = YES;
				BUNDLE_LOADER = "$(TEST_HOST)";
				CODE_SIGN_STYLE = Automatic;
				CURRENT_PROJECT_VERSION = 1;
				DEVELOPMENT_TEAM = 7YG4RD83Q9;
				GENERATE_INFOPLIST_FILE = YES;
				IPHONEOS_DEPLOYMENT_TARGET = 16.4;
				MARKETING_VERSION = 1.0;
				PRODUCT_BUNDLE_IDENTIFIER = "com.minseop.MVC-PatternTests";
				PRODUCT_NAME = "$(TARGET_NAME)";
				SWIFT_EMIT_LOC_STRINGS = NO;
				SWIFT_VERSION = 5.0;
				TARGETED_DEVICE_FAMILY = "1,2";
				TEST_HOST = "$(BUILT_PRODUCTS_DIR)/MVC_Pattern.app/$(BUNDLE_EXECUTABLE_FOLDER_PATH)/MVC_Pattern";
			};
			name = Release;
		};
		90546B282AECD4E600D7D35D /* Debug */ = {
			isa = XCBuildConfiguration;
			buildSettings = {
				ALWAYS_EMBED_SWIFT_STANDARD_LIBRARIES = YES;
				CODE_SIGN_STYLE = Automatic;
				CURRENT_PROJECT_VERSION = 1;
				DEVELOPMENT_TEAM = 7YG4RD83Q9;
				GENERATE_INFOPLIST_FILE = YES;
				MARKETING_VERSION = 1.0;
				PRODUCT_BUNDLE_IDENTIFIER = "com.minseop.MVC-PatternUITests";
				PRODUCT_NAME = "$(TARGET_NAME)";
				SWIFT_EMIT_LOC_STRINGS = NO;
				SWIFT_VERSION = 5.0;
				TARGETED_DEVICE_FAMILY = "1,2";
				TEST_TARGET_NAME = MVC_Pattern;
			};
			name = Debug;
		};
		90546B292AECD4E600D7D35D /* Release */ = {
			isa = XCBuildConfiguration;
			buildSettings = {
				ALWAYS_EMBED_SWIFT_STANDARD_LIBRARIES = YES;
				CODE_SIGN_STYLE = Automatic;
				CURRENT_PROJECT_VERSION = 1;
				DEVELOPMENT_TEAM = 7YG4RD83Q9;
				GENERATE_INFOPLIST_FILE = YES;
				MARKETING_VERSION = 1.0;
				PRODUCT_BUNDLE_IDENTIFIER = "com.minseop.MVC-PatternUITests";
				PRODUCT_NAME = "$(TARGET_NAME)";
				SWIFT_EMIT_LOC_STRINGS = NO;
				SWIFT_VERSION = 5.0;
				TARGETED_DEVICE_FAMILY = "1,2";
				TEST_TARGET_NAME = MVC_Pattern;
			};
			name = Release;
		};
/* End XCBuildConfiguration section */

/* Begin XCConfigurationList section */
		90546AF22AECD4E500D7D35D /* Build configuration list for PBXProject "MVC_Pattern" */ = {
			isa = XCConfigurationList;
			buildConfigurations = (
				90546B1F2AECD4E600D7D35D /* Debug */,
				90546B202AECD4E600D7D35D /* Release */,
			);
			defaultConfigurationIsVisible = 0;
			defaultConfigurationName = Release;
		};
		90546B212AECD4E600D7D35D /* Build configuration list for PBXNativeTarget "MVC_Pattern" */ = {
			isa = XCConfigurationList;
			buildConfigurations = (
				90546B222AECD4E600D7D35D /* Debug */,
				90546B232AECD4E600D7D35D /* Release */,
			);
			defaultConfigurationIsVisible = 0;
			defaultConfigurationName = Release;
		};
		90546B242AECD4E600D7D35D /* Build configuration list for PBXNativeTarget "MVC_PatternTests" */ = {
			isa = XCConfigurationList;
			buildConfigurations = (
				90546B252AECD4E600D7D35D /* Debug */,
				90546B262AECD4E600D7D35D /* Release */,
			);
			defaultConfigurationIsVisible = 0;
			defaultConfigurationName = Release;
		};
		90546B272AECD4E600D7D35D /* Build configuration list for PBXNativeTarget "MVC_PatternUITests" */ = {
			isa = XCConfigurationList;
			buildConfigurations = (
				90546B282AECD4E600D7D35D /* Debug */,
				90546B292AECD4E600D7D35D /* Release */,
			);
			defaultConfigurationIsVisible = 0;
			defaultConfigurationName = Release;
		};
/* End XCConfigurationList section */
	};
	rootObject = 90546AEF2AECD4E500D7D35D /* Project object */;
}
